// !$*UTF8*$!
{
	archiveVersion = 1;
	classes = {
	};
	objectVersion = 46;
	objects = {

/* Begin PBXBuildFile section */
		071E0FC61FB74FE600829299 /* TutorGuardianProfileViewController.swift in Sources */ = {isa = PBXBuildFile; fileRef = 071E0FC51FB74FE600829299 /* TutorGuardianProfileViewController.swift */; };
		07266CE41FBE03CE004A4FDE /* StudentRegistrationViewController.swift in Sources */ = {isa = PBXBuildFile; fileRef = 07266CE31FBE03CE004A4FDE /* StudentRegistrationViewController.swift */; };
		3B258D421FC7311400ADDE0D /* CustomTextField.swift in Sources */ = {isa = PBXBuildFile; fileRef = 3B258D411FC7311400ADDE0D /* CustomTextField.swift */; };
		3B28334C1FCC74580059D115 /* RegistrationTableViewCell.swift in Sources */ = {isa = PBXBuildFile; fileRef = 3B28334B1FCC74580059D115 /* RegistrationTableViewCell.swift */; };
		3B28AD181FD2733B008BC962 /* TutorProfileViewController.swift in Sources */ = {isa = PBXBuildFile; fileRef = 3B28AD171FD2733B008BC962 /* TutorProfileViewController.swift */; };
		3B2AB59C1FDD20B100966AD9 /* CustomPickerView.swift in Sources */ = {isa = PBXBuildFile; fileRef = 3B2AB59B1FDD20B100966AD9 /* CustomPickerView.swift */; };
		3B31EA541FCE6FDD00F6134E /* RegistrationFooterView.swift in Sources */ = {isa = PBXBuildFile; fileRef = 3B31EA531FCE6FDD00F6134E /* RegistrationFooterView.swift */; };
		3B31EA561FCE6FF900F6134E /* RegistrationFooterView.xib in Resources */ = {isa = PBXBuildFile; fileRef = 3B31EA551FCE6FF900F6134E /* RegistrationFooterView.xib */; };
		3BB5AA191FD3195600658103 /* TutorLoginModel.swift in Sources */ = {isa = PBXBuildFile; fileRef = 3BB5AA171FD3195600658103 /* TutorLoginModel.swift */; };
		3BB5AA1A1FD3195600658103 /* TutorStudent.swift in Sources */ = {isa = PBXBuildFile; fileRef = 3BB5AA181FD3195600658103 /* TutorStudent.swift */; };
		3BB5AA1C1FD3DA5100658103 /* TutorStudentProfileViewController.swift in Sources */ = {isa = PBXBuildFile; fileRef = 3BB5AA1B1FD3DA5100658103 /* TutorStudentProfileViewController.swift */; };
		3BB5AA1E1FD3E0DB00658103 /* TutorStudentHeaderView.swift in Sources */ = {isa = PBXBuildFile; fileRef = 3BB5AA1D1FD3E0DB00658103 /* TutorStudentHeaderView.swift */; };
		3BB5AA201FD3E0E700658103 /* TutorStudentHeaderView.xib in Resources */ = {isa = PBXBuildFile; fileRef = 3BB5AA1F1FD3E0E700658103 /* TutorStudentHeaderView.xib */; };
		3D0A6B701FB68388001CC7A9 /* TutorMenuViewController.swift in Sources */ = {isa = PBXBuildFile; fileRef = 3D0A6B6F1FB68388001CC7A9 /* TutorMenuViewController.swift */; };
		3D0A6B7F1FB692D0001CC7A9 /* Main.storyboard in Resources */ = {isa = PBXBuildFile; fileRef = 3D0A6B7E1FB692CF001CC7A9 /* Main.storyboard */; };
		3D0A6B831FB694A5001CC7A9 /* TutorMenuTableViewCell.swift in Sources */ = {isa = PBXBuildFile; fileRef = 3D0A6B821FB694A5001CC7A9 /* TutorMenuTableViewCell.swift */; };
		3D1BD8651FB0E69D00DDB3BB /* ViewController.swift in Sources */ = {isa = PBXBuildFile; fileRef = 3D1BD8641FB0E69D00DDB3BB /* ViewController.swift */; };
		3D1BD8671FB0E74300DDB3BB /* AppDelegate.swift in Sources */ = {isa = PBXBuildFile; fileRef = 3D1BD8661FB0E74200DDB3BB /* AppDelegate.swift */; };
		3D1F70D31FBA03D200AF03DE /* TutorNetworkManager.swift in Sources */ = {isa = PBXBuildFile; fileRef = 3D1F70D21FBA03D200AF03DE /* TutorNetworkManager.swift */; };
		3D22784E1FA39DF600D3B6E0 /* Assets.xcassets in Resources */ = {isa = PBXBuildFile; fileRef = 3D22784D1FA39DF600D3B6E0 /* Assets.xcassets */; };
		3D2278511FA39DF600D3B6E0 /* LaunchScreen.storyboard in Resources */ = {isa = PBXBuildFile; fileRef = 3D22784F1FA39DF600D3B6E0 /* LaunchScreen.storyboard */; };
		3D22785C1FA39DF600D3B6E0 /* Tuto_LearnTests.swift in Sources */ = {isa = PBXBuildFile; fileRef = 3D22785B1FA39DF600D3B6E0 /* Tuto_LearnTests.swift */; };
		3D2278671FA39DF600D3B6E0 /* Tuto_LearnUITests.swift in Sources */ = {isa = PBXBuildFile; fileRef = 3D2278661FA39DF600D3B6E0 /* Tuto_LearnUITests.swift */; };
		3D2538011FD3282D0078760C /* TutorForgotPasswordViewController.swift in Sources */ = {isa = PBXBuildFile; fileRef = 3D2538001FD3282D0078760C /* TutorForgotPasswordViewController.swift */; };
		3D2812BE1FD3FC2C00F926B1 /* TutorBookTutorViewController.swift in Sources */ = {isa = PBXBuildFile; fileRef = 3D2812BD1FD3FC2C00F926B1 /* TutorBookTutorViewController.swift */; };
		3D333C1C1FDBE3F000EEF3A1 /* TutorTimeSlotCollectionViewCell.swift in Sources */ = {isa = PBXBuildFile; fileRef = 3D333C1B1FDBE3F000EEF3A1 /* TutorTimeSlotCollectionViewCell.swift */; };
		3D40DEEE1FE0D0A60015921E /* TutorHistoryViewController.swift in Sources */ = {isa = PBXBuildFile; fileRef = 3D40DEED1FE0D0A60015921E /* TutorHistoryViewController.swift */; };
		3D4515CF1FB70F9100591577 /* TutorTeachersListViewController.swift in Sources */ = {isa = PBXBuildFile; fileRef = 3D4515CE1FB70F9100591577 /* TutorTeachersListViewController.swift */; };
		3D623F341FBB5AE60087AF13 /* TutorTeacherModel.swift in Sources */ = {isa = PBXBuildFile; fileRef = 3D623F331FBB5AE60087AF13 /* TutorTeacherModel.swift */; };
		3D623F381FBB76010087AF13 /* TutorViewProfileTableViewCell.swift in Sources */ = {isa = PBXBuildFile; fileRef = 3D623F371FBB76010087AF13 /* TutorViewProfileTableViewCell.swift */; };
		3D8B98561FA59C300083FC8F /* linkedin-sdk.framework in Frameworks */ = {isa = PBXBuildFile; fileRef = 3D8B98551FA59C300083FC8F /* linkedin-sdk.framework */; };
		3D92C7751FAAFDD4001B7A91 /* GoogleService-Info.plist in Resources */ = {isa = PBXBuildFile; fileRef = 3D92C7741FAAFDD4001B7A91 /* GoogleService-Info.plist */; };
		3D97FAE41FDBB219000AFD80 /* TutorTimeSlotViewController.swift in Sources */ = {isa = PBXBuildFile; fileRef = 3D97FAE31FDBB219000AFD80 /* TutorTimeSlotViewController.swift */; };
		3D9AE04E1FB36E160061859F /* TutorHomeViewController.swift in Sources */ = {isa = PBXBuildFile; fileRef = 3D9AE04D1FB36E160061859F /* TutorHomeViewController.swift */; };
		3D9AE0521FB4058C0061859F /* TutorCommonPickerView.swift in Sources */ = {isa = PBXBuildFile; fileRef = 3D9AE0501FB4058C0061859F /* TutorCommonPickerView.swift */; };
		3D9AE0531FB4058C0061859F /* TutorCommonPickerView.xib in Resources */ = {isa = PBXBuildFile; fileRef = 3D9AE0511FB4058C0061859F /* TutorCommonPickerView.xib */; };
		3DBEC58C1FAF81050018CD66 /* TutorSharedClass.swift in Sources */ = {isa = PBXBuildFile; fileRef = 3DBEC58B1FAF81050018CD66 /* TutorSharedClass.swift */; };
		3DBEC5931FAF85510018CD66 /* TutorConstant.swift in Sources */ = {isa = PBXBuildFile; fileRef = 3DBEC5921FAF85510018CD66 /* TutorConstant.swift */; };
		3DBEC5961FAF85730018CD66 /* CommonUtils.swift in Sources */ = {isa = PBXBuildFile; fileRef = 3DBEC5951FAF85730018CD66 /* CommonUtils.swift */; };
		3DBEC59A1FAF85900018CD66 /* MBProgressHUD.m in Sources */ = {isa = PBXBuildFile; fileRef = 3DBEC5991FAF85900018CD66 /* MBProgressHUD.m */; };
		3DC357971FB013D50084F898 /* TutorHomeNavigationBar.swift in Sources */ = {isa = PBXBuildFile; fileRef = 3DC357961FB013D50084F898 /* TutorHomeNavigationBar.swift */; };
		3DD68B801FB7E20C008B2C0C /* TutorTeachersListCollectionViewCell.swift in Sources */ = {isa = PBXBuildFile; fileRef = 3DD68B7F1FB7E20C008B2C0C /* TutorTeachersListCollectionViewCell.swift */; };
		3DD68B821FB800AF008B2C0C /* TutorViewProfileViewController.swift in Sources */ = {isa = PBXBuildFile; fileRef = 3DD68B811FB800AF008B2C0C /* TutorViewProfileViewController.swift */; };
		3DF48C061FBA222700EB5A57 /* Roboto-Medium.ttf in Resources */ = {isa = PBXBuildFile; fileRef = 3DF48BF31FBA222600EB5A57 /* Roboto-Medium.ttf */; };
		3DF48C071FBA222700EB5A57 /* Roboto-Light.ttf in Resources */ = {isa = PBXBuildFile; fileRef = 3DF48BF41FBA222600EB5A57 /* Roboto-Light.ttf */; };
		3DF48C081FBA222700EB5A57 /* RobotoCondensed-Bold.ttf in Resources */ = {isa = PBXBuildFile; fileRef = 3DF48BF51FBA222600EB5A57 /* RobotoCondensed-Bold.ttf */; };
		3DF48C091FBA222700EB5A57 /* RobotoCondensed-Light.ttf in Resources */ = {isa = PBXBuildFile; fileRef = 3DF48BF61FBA222600EB5A57 /* RobotoCondensed-Light.ttf */; };
		3DF48C0A1FBA222700EB5A57 /* Roboto-Regular.ttf in Resources */ = {isa = PBXBuildFile; fileRef = 3DF48BF71FBA222600EB5A57 /* Roboto-Regular.ttf */; };
		3DF48C0B1FBA222700EB5A57 /* Roboto-MediumItalic.ttf in Resources */ = {isa = PBXBuildFile; fileRef = 3DF48BF81FBA222600EB5A57 /* Roboto-MediumItalic.ttf */; };
		3DF48C0C1FBA222700EB5A57 /* RobotoCondensed-Italic.ttf in Resources */ = {isa = PBXBuildFile; fileRef = 3DF48BF91FBA222600EB5A57 /* RobotoCondensed-Italic.ttf */; };
		3DF48C0D1FBA222700EB5A57 /* RobotoCondensed-BoldItalic.ttf in Resources */ = {isa = PBXBuildFile; fileRef = 3DF48BFA1FBA222600EB5A57 /* RobotoCondensed-BoldItalic.ttf */; };
		3DF48C0E1FBA222700EB5A57 /* Apache License.txt in Resources */ = {isa = PBXBuildFile; fileRef = 3DF48BFB1FBA222600EB5A57 /* Apache License.txt */; };
		3DF48C0F1FBA222700EB5A57 /* RobotoCondensed-LightItalic.ttf in Resources */ = {isa = PBXBuildFile; fileRef = 3DF48BFC1FBA222600EB5A57 /* RobotoCondensed-LightItalic.ttf */; };
		3DF48C101FBA222700EB5A57 /* Roboto-ThinItalic.ttf in Resources */ = {isa = PBXBuildFile; fileRef = 3DF48BFD1FBA222600EB5A57 /* Roboto-ThinItalic.ttf */; };
		3DF48C111FBA222700EB5A57 /* RobotoCondensed-Regular.ttf in Resources */ = {isa = PBXBuildFile; fileRef = 3DF48BFE1FBA222600EB5A57 /* RobotoCondensed-Regular.ttf */; };
		3DF48C121FBA222700EB5A57 /* Roboto-BoldItalic.ttf in Resources */ = {isa = PBXBuildFile; fileRef = 3DF48BFF1FBA222600EB5A57 /* Roboto-BoldItalic.ttf */; };
		3DF48C131FBA222700EB5A57 /* Roboto-LightItalic.ttf in Resources */ = {isa = PBXBuildFile; fileRef = 3DF48C001FBA222600EB5A57 /* Roboto-LightItalic.ttf */; };
		3DF48C141FBA222700EB5A57 /* Roboto-Italic.ttf in Resources */ = {isa = PBXBuildFile; fileRef = 3DF48C011FBA222600EB5A57 /* Roboto-Italic.ttf */; };
		3DF48C151FBA222700EB5A57 /* Roboto-BlackItalic.ttf in Resources */ = {isa = PBXBuildFile; fileRef = 3DF48C021FBA222600EB5A57 /* Roboto-BlackItalic.ttf */; };
		3DF48C161FBA222700EB5A57 /* Roboto-Bold.ttf in Resources */ = {isa = PBXBuildFile; fileRef = 3DF48C031FBA222600EB5A57 /* Roboto-Bold.ttf */; };
		3DF48C171FBA222700EB5A57 /* Roboto-Thin.ttf in Resources */ = {isa = PBXBuildFile; fileRef = 3DF48C041FBA222600EB5A57 /* Roboto-Thin.ttf */; };
		3DF48C181FBA222700EB5A57 /* Roboto-Black.ttf in Resources */ = {isa = PBXBuildFile; fileRef = 3DF48C051FBA222600EB5A57 /* Roboto-Black.ttf */; };
		3DF628F31FDBCF5A002B977F /* TutorTimeSlotHeaderView.swift in Sources */ = {isa = PBXBuildFile; fileRef = 3DF628F21FDBCF5A002B977F /* TutorTimeSlotHeaderView.swift */; };
		3DF628F51FDBCF6C002B977F /* TutorTimeSlotHeaderView.xib in Resources */ = {isa = PBXBuildFile; fileRef = 3DF628F41FDBCF6C002B977F /* TutorTimeSlotHeaderView.xib */; };
		3DF628F81FDBE024002B977F /* TutorTimeSlotTableViewCell.swift in Sources */ = {isa = PBXBuildFile; fileRef = 3DF628F71FDBE024002B977F /* TutorTimeSlotTableViewCell.swift */; };
		3DFE851D1FD4025500D9648E /* TutorBookTutorTableViewCell.swift in Sources */ = {isa = PBXBuildFile; fileRef = 3DFE851C1FD4025500D9648E /* TutorBookTutorTableViewCell.swift */; };
		50326AC26D61E7C64B569E55 /* Pods_Tuto_Learn.framework in Frameworks */ = {isa = PBXBuildFile; fileRef = 73D4B75396E27E1A8CBE1C7F /* Pods_Tuto_Learn.framework */; };
		8587B336F013EEC2FF92572C /* Pods_Tuto_LearnUITests.framework in Frameworks */ = {isa = PBXBuildFile; fileRef = F25EC7011674942482E84582 /* Pods_Tuto_LearnUITests.framework */; };
		BA3112671FD2C5B80073A577 /* TutorPreferencesViewController.swift in Sources */ = {isa = PBXBuildFile; fileRef = BA3112661FD2C5B80073A577 /* TutorPreferencesViewController.swift */; };
		BA48D4D61FDBE6680023C067 /* TutorMyAccountTableViewCell.swift in Sources */ = {isa = PBXBuildFile; fileRef = BA48D4D51FDBE6680023C067 /* TutorMyAccountTableViewCell.swift */; };
		BA48D4D81FDBE6930023C067 /* TutorMyAccountCollectionViewCell.swift in Sources */ = {isa = PBXBuildFile; fileRef = BA48D4D71FDBE6930023C067 /* TutorMyAccountCollectionViewCell.swift */; };
		BA48D4DA1FDBF54D0023C067 /* TutorMyAccountHeaderView.swift in Sources */ = {isa = PBXBuildFile; fileRef = BA48D4D91FDBF54D0023C067 /* TutorMyAccountHeaderView.swift */; };
		BA48D4DC1FDBF5660023C067 /* TutorMyAccountHeaderView.xib in Resources */ = {isa = PBXBuildFile; fileRef = BA48D4DB1FDBF5660023C067 /* TutorMyAccountHeaderView.xib */; };
		BA6A6A601FD40C8700E42B08 /* TutorMyAccountViewController.swift in Sources */ = {isa = PBXBuildFile; fileRef = BA6A6A5F1FD40C8700E42B08 /* TutorMyAccountViewController.swift */; };
		E0B999ABA2457D53A1E5523A /* Pods_Tuto_LearnTests.framework in Frameworks */ = {isa = PBXBuildFile; fileRef = E14C71DF087A30B77F81C24F /* Pods_Tuto_LearnTests.framework */; };
/* End PBXBuildFile section */

/* Begin PBXContainerItemProxy section */
		3D2278581FA39DF600D3B6E0 /* PBXContainerItemProxy */ = {
			isa = PBXContainerItemProxy;
			containerPortal = 3D22783B1FA39DF500D3B6E0 /* Project object */;
			proxyType = 1;
			remoteGlobalIDString = 3D2278421FA39DF500D3B6E0;
			remoteInfo = "Tuto Learn";
		};
		3D2278631FA39DF600D3B6E0 /* PBXContainerItemProxy */ = {
			isa = PBXContainerItemProxy;
			containerPortal = 3D22783B1FA39DF500D3B6E0 /* Project object */;
			proxyType = 1;
			remoteGlobalIDString = 3D2278421FA39DF500D3B6E0;
			remoteInfo = "Tuto Learn";
		};
/* End PBXContainerItemProxy section */

/* Begin PBXFileReference section */
		071E0FC51FB74FE600829299 /* TutorGuardianProfileViewController.swift */ = {isa = PBXFileReference; lastKnownFileType = sourcecode.swift; path = TutorGuardianProfileViewController.swift; sourceTree = "<group>"; };
		07266CE31FBE03CE004A4FDE /* StudentRegistrationViewController.swift */ = {isa = PBXFileReference; fileEncoding = 4; lastKnownFileType = sourcecode.swift; path = StudentRegistrationViewController.swift; sourceTree = "<group>"; };
		3127DB78AA7843104C70CF4E /* Pods-Tuto LearnTests.release.xcconfig */ = {isa = PBXFileReference; includeInIndex = 1; lastKnownFileType = text.xcconfig; name = "Pods-Tuto LearnTests.release.xcconfig"; path = "Pods/Target Support Files/Pods-Tuto LearnTests/Pods-Tuto LearnTests.release.xcconfig"; sourceTree = "<group>"; };
		3B258D411FC7311400ADDE0D /* CustomTextField.swift */ = {isa = PBXFileReference; lastKnownFileType = sourcecode.swift; path = CustomTextField.swift; sourceTree = "<group>"; };
		3B28334B1FCC74580059D115 /* RegistrationTableViewCell.swift */ = {isa = PBXFileReference; lastKnownFileType = sourcecode.swift; path = RegistrationTableViewCell.swift; sourceTree = "<group>"; };
		3B28AD171FD2733B008BC962 /* TutorProfileViewController.swift */ = {isa = PBXFileReference; lastKnownFileType = sourcecode.swift; path = TutorProfileViewController.swift; sourceTree = "<group>"; };
		3B2AB59B1FDD20B100966AD9 /* CustomPickerView.swift */ = {isa = PBXFileReference; lastKnownFileType = sourcecode.swift; path = CustomPickerView.swift; sourceTree = "<group>"; };
		3B31EA531FCE6FDD00F6134E /* RegistrationFooterView.swift */ = {isa = PBXFileReference; lastKnownFileType = sourcecode.swift; path = RegistrationFooterView.swift; sourceTree = "<group>"; };
		3B31EA551FCE6FF900F6134E /* RegistrationFooterView.xib */ = {isa = PBXFileReference; lastKnownFileType = file.xib; path = RegistrationFooterView.xib; sourceTree = "<group>"; };
		3BB5AA171FD3195600658103 /* TutorLoginModel.swift */ = {isa = PBXFileReference; fileEncoding = 4; lastKnownFileType = sourcecode.swift; path = TutorLoginModel.swift; sourceTree = "<group>"; };
		3BB5AA181FD3195600658103 /* TutorStudent.swift */ = {isa = PBXFileReference; fileEncoding = 4; lastKnownFileType = sourcecode.swift; path = TutorStudent.swift; sourceTree = "<group>"; };
		3BB5AA1B1FD3DA5100658103 /* TutorStudentProfileViewController.swift */ = {isa = PBXFileReference; lastKnownFileType = sourcecode.swift; path = TutorStudentProfileViewController.swift; sourceTree = "<group>"; };
		3BB5AA1D1FD3E0DB00658103 /* TutorStudentHeaderView.swift */ = {isa = PBXFileReference; lastKnownFileType = sourcecode.swift; path = TutorStudentHeaderView.swift; sourceTree = "<group>"; };
		3BB5AA1F1FD3E0E700658103 /* TutorStudentHeaderView.xib */ = {isa = PBXFileReference; lastKnownFileType = file.xib; path = TutorStudentHeaderView.xib; sourceTree = "<group>"; };
		3D0A6B6F1FB68388001CC7A9 /* TutorMenuViewController.swift */ = {isa = PBXFileReference; lastKnownFileType = sourcecode.swift; path = TutorMenuViewController.swift; sourceTree = "<group>"; };
		3D0A6B7E1FB692CF001CC7A9 /* Main.storyboard */ = {isa = PBXFileReference; fileEncoding = 4; lastKnownFileType = file.storyboard; path = Main.storyboard; sourceTree = "<group>"; };
		3D0A6B821FB694A5001CC7A9 /* TutorMenuTableViewCell.swift */ = {isa = PBXFileReference; lastKnownFileType = sourcecode.swift; path = TutorMenuTableViewCell.swift; sourceTree = "<group>"; };
		3D1BD8641FB0E69D00DDB3BB /* ViewController.swift */ = {isa = PBXFileReference; fileEncoding = 4; lastKnownFileType = sourcecode.swift; path = ViewController.swift; sourceTree = "<group>"; };
		3D1BD8661FB0E74200DDB3BB /* AppDelegate.swift */ = {isa = PBXFileReference; fileEncoding = 4; lastKnownFileType = sourcecode.swift; path = AppDelegate.swift; sourceTree = "<group>"; };
		3D1F70D21FBA03D200AF03DE /* TutorNetworkManager.swift */ = {isa = PBXFileReference; lastKnownFileType = sourcecode.swift; path = TutorNetworkManager.swift; sourceTree = "<group>"; };
		3D2278431FA39DF500D3B6E0 /* Tuto Learn.app */ = {isa = PBXFileReference; explicitFileType = wrapper.application; includeInIndex = 0; path = "Tuto Learn.app"; sourceTree = BUILT_PRODUCTS_DIR; };
		3D22784D1FA39DF600D3B6E0 /* Assets.xcassets */ = {isa = PBXFileReference; lastKnownFileType = folder.assetcatalog; path = Assets.xcassets; sourceTree = "<group>"; };
		3D2278501FA39DF600D3B6E0 /* Base */ = {isa = PBXFileReference; lastKnownFileType = file.storyboard; name = Base; path = Base.lproj/LaunchScreen.storyboard; sourceTree = "<group>"; };
		3D2278521FA39DF600D3B6E0 /* Info.plist */ = {isa = PBXFileReference; lastKnownFileType = text.plist.xml; path = Info.plist; sourceTree = "<group>"; };
		3D2278571FA39DF600D3B6E0 /* Tuto LearnTests.xctest */ = {isa = PBXFileReference; explicitFileType = wrapper.cfbundle; includeInIndex = 0; path = "Tuto LearnTests.xctest"; sourceTree = BUILT_PRODUCTS_DIR; };
		3D22785B1FA39DF600D3B6E0 /* Tuto_LearnTests.swift */ = {isa = PBXFileReference; lastKnownFileType = sourcecode.swift; path = Tuto_LearnTests.swift; sourceTree = "<group>"; };
		3D22785D1FA39DF600D3B6E0 /* Info.plist */ = {isa = PBXFileReference; lastKnownFileType = text.plist.xml; path = Info.plist; sourceTree = "<group>"; };
		3D2278621FA39DF600D3B6E0 /* Tuto LearnUITests.xctest */ = {isa = PBXFileReference; explicitFileType = wrapper.cfbundle; includeInIndex = 0; path = "Tuto LearnUITests.xctest"; sourceTree = BUILT_PRODUCTS_DIR; };
		3D2278661FA39DF600D3B6E0 /* Tuto_LearnUITests.swift */ = {isa = PBXFileReference; lastKnownFileType = sourcecode.swift; path = Tuto_LearnUITests.swift; sourceTree = "<group>"; };
		3D2278681FA39DF600D3B6E0 /* Info.plist */ = {isa = PBXFileReference; lastKnownFileType = text.plist.xml; path = Info.plist; sourceTree = "<group>"; };
		3D2538001FD3282D0078760C /* TutorForgotPasswordViewController.swift */ = {isa = PBXFileReference; lastKnownFileType = sourcecode.swift; path = TutorForgotPasswordViewController.swift; sourceTree = "<group>"; };
		3D2812BD1FD3FC2C00F926B1 /* TutorBookTutorViewController.swift */ = {isa = PBXFileReference; lastKnownFileType = sourcecode.swift; path = TutorBookTutorViewController.swift; sourceTree = "<group>"; };
		3D333C1B1FDBE3F000EEF3A1 /* TutorTimeSlotCollectionViewCell.swift */ = {isa = PBXFileReference; lastKnownFileType = sourcecode.swift; path = TutorTimeSlotCollectionViewCell.swift; sourceTree = "<group>"; };
		3D40DEED1FE0D0A60015921E /* TutorHistoryViewController.swift */ = {isa = PBXFileReference; lastKnownFileType = sourcecode.swift; path = TutorHistoryViewController.swift; sourceTree = "<group>"; };
		3D4515CE1FB70F9100591577 /* TutorTeachersListViewController.swift */ = {isa = PBXFileReference; lastKnownFileType = sourcecode.swift; path = TutorTeachersListViewController.swift; sourceTree = "<group>"; };
		3D623F331FBB5AE60087AF13 /* TutorTeacherModel.swift */ = {isa = PBXFileReference; fileEncoding = 4; lastKnownFileType = sourcecode.swift; path = TutorTeacherModel.swift; sourceTree = "<group>"; };
		3D623F371FBB76010087AF13 /* TutorViewProfileTableViewCell.swift */ = {isa = PBXFileReference; lastKnownFileType = sourcecode.swift; path = TutorViewProfileTableViewCell.swift; sourceTree = "<group>"; };
		3D8B98551FA59C300083FC8F /* linkedin-sdk.framework */ = {isa = PBXFileReference; lastKnownFileType = wrapper.framework; path = "linkedin-sdk.framework"; sourceTree = "<group>"; };
		3D92C76D1FAAE4CD001B7A91 /* Header.h */ = {isa = PBXFileReference; fileEncoding = 4; lastKnownFileType = sourcecode.c.h; path = Header.h; sourceTree = "<group>"; };
		3D92C7741FAAFDD4001B7A91 /* GoogleService-Info.plist */ = {isa = PBXFileReference; fileEncoding = 4; lastKnownFileType = text.plist.xml; path = "GoogleService-Info.plist"; sourceTree = "<group>"; };
		3D97FAE31FDBB219000AFD80 /* TutorTimeSlotViewController.swift */ = {isa = PBXFileReference; lastKnownFileType = sourcecode.swift; path = TutorTimeSlotViewController.swift; sourceTree = "<group>"; };
		3D9AE04D1FB36E160061859F /* TutorHomeViewController.swift */ = {isa = PBXFileReference; lastKnownFileType = sourcecode.swift; path = TutorHomeViewController.swift; sourceTree = "<group>"; };
		3D9AE0501FB4058C0061859F /* TutorCommonPickerView.swift */ = {isa = PBXFileReference; fileEncoding = 4; lastKnownFileType = sourcecode.swift; path = TutorCommonPickerView.swift; sourceTree = "<group>"; };
		3D9AE0511FB4058C0061859F /* TutorCommonPickerView.xib */ = {isa = PBXFileReference; fileEncoding = 4; lastKnownFileType = file.xib; path = TutorCommonPickerView.xib; sourceTree = "<group>"; };
		3DBEC58B1FAF81050018CD66 /* TutorSharedClass.swift */ = {isa = PBXFileReference; lastKnownFileType = sourcecode.swift; path = TutorSharedClass.swift; sourceTree = "<group>"; };
		3DBEC5921FAF85510018CD66 /* TutorConstant.swift */ = {isa = PBXFileReference; fileEncoding = 4; lastKnownFileType = sourcecode.swift; path = TutorConstant.swift; sourceTree = "<group>"; };
		3DBEC5951FAF85730018CD66 /* CommonUtils.swift */ = {isa = PBXFileReference; fileEncoding = 4; lastKnownFileType = sourcecode.swift; path = CommonUtils.swift; sourceTree = "<group>"; };
		3DBEC5981FAF85900018CD66 /* MBProgressHUD.h */ = {isa = PBXFileReference; fileEncoding = 4; lastKnownFileType = sourcecode.c.h; path = MBProgressHUD.h; sourceTree = "<group>"; };
		3DBEC5991FAF85900018CD66 /* MBProgressHUD.m */ = {isa = PBXFileReference; fileEncoding = 4; lastKnownFileType = sourcecode.c.objc; path = MBProgressHUD.m; sourceTree = "<group>"; };
		3DC357961FB013D50084F898 /* TutorHomeNavigationBar.swift */ = {isa = PBXFileReference; lastKnownFileType = sourcecode.swift; path = TutorHomeNavigationBar.swift; sourceTree = "<group>"; };
		3DD68B7F1FB7E20C008B2C0C /* TutorTeachersListCollectionViewCell.swift */ = {isa = PBXFileReference; lastKnownFileType = sourcecode.swift; path = TutorTeachersListCollectionViewCell.swift; sourceTree = "<group>"; };
		3DD68B811FB800AF008B2C0C /* TutorViewProfileViewController.swift */ = {isa = PBXFileReference; lastKnownFileType = sourcecode.swift; path = TutorViewProfileViewController.swift; sourceTree = "<group>"; };
		3DF48BF31FBA222600EB5A57 /* Roboto-Medium.ttf */ = {isa = PBXFileReference; lastKnownFileType = file; path = "Roboto-Medium.ttf"; sourceTree = "<group>"; };
		3DF48BF41FBA222600EB5A57 /* Roboto-Light.ttf */ = {isa = PBXFileReference; lastKnownFileType = file; path = "Roboto-Light.ttf"; sourceTree = "<group>"; };
		3DF48BF51FBA222600EB5A57 /* RobotoCondensed-Bold.ttf */ = {isa = PBXFileReference; lastKnownFileType = file; path = "RobotoCondensed-Bold.ttf"; sourceTree = "<group>"; };
		3DF48BF61FBA222600EB5A57 /* RobotoCondensed-Light.ttf */ = {isa = PBXFileReference; lastKnownFileType = file; path = "RobotoCondensed-Light.ttf"; sourceTree = "<group>"; };
		3DF48BF71FBA222600EB5A57 /* Roboto-Regular.ttf */ = {isa = PBXFileReference; lastKnownFileType = file; path = "Roboto-Regular.ttf"; sourceTree = "<group>"; };
		3DF48BF81FBA222600EB5A57 /* Roboto-MediumItalic.ttf */ = {isa = PBXFileReference; lastKnownFileType = file; path = "Roboto-MediumItalic.ttf"; sourceTree = "<group>"; };
		3DF48BF91FBA222600EB5A57 /* RobotoCondensed-Italic.ttf */ = {isa = PBXFileReference; lastKnownFileType = file; path = "RobotoCondensed-Italic.ttf"; sourceTree = "<group>"; };
		3DF48BFA1FBA222600EB5A57 /* RobotoCondensed-BoldItalic.ttf */ = {isa = PBXFileReference; lastKnownFileType = file; path = "RobotoCondensed-BoldItalic.ttf"; sourceTree = "<group>"; };
		3DF48BFB1FBA222600EB5A57 /* Apache License.txt */ = {isa = PBXFileReference; fileEncoding = 4; lastKnownFileType = text; path = "Apache License.txt"; sourceTree = "<group>"; };
		3DF48BFC1FBA222600EB5A57 /* RobotoCondensed-LightItalic.ttf */ = {isa = PBXFileReference; lastKnownFileType = file; path = "RobotoCondensed-LightItalic.ttf"; sourceTree = "<group>"; };
		3DF48BFD1FBA222600EB5A57 /* Roboto-ThinItalic.ttf */ = {isa = PBXFileReference; lastKnownFileType = file; path = "Roboto-ThinItalic.ttf"; sourceTree = "<group>"; };
		3DF48BFE1FBA222600EB5A57 /* RobotoCondensed-Regular.ttf */ = {isa = PBXFileReference; lastKnownFileType = file; path = "RobotoCondensed-Regular.ttf"; sourceTree = "<group>"; };
		3DF48BFF1FBA222600EB5A57 /* Roboto-BoldItalic.ttf */ = {isa = PBXFileReference; lastKnownFileType = file; path = "Roboto-BoldItalic.ttf"; sourceTree = "<group>"; };
		3DF48C001FBA222600EB5A57 /* Roboto-LightItalic.ttf */ = {isa = PBXFileReference; lastKnownFileType = file; path = "Roboto-LightItalic.ttf"; sourceTree = "<group>"; };
		3DF48C011FBA222600EB5A57 /* Roboto-Italic.ttf */ = {isa = PBXFileReference; lastKnownFileType = file; path = "Roboto-Italic.ttf"; sourceTree = "<group>"; };
		3DF48C021FBA222600EB5A57 /* Roboto-BlackItalic.ttf */ = {isa = PBXFileReference; lastKnownFileType = file; path = "Roboto-BlackItalic.ttf"; sourceTree = "<group>"; };
		3DF48C031FBA222600EB5A57 /* Roboto-Bold.ttf */ = {isa = PBXFileReference; lastKnownFileType = file; path = "Roboto-Bold.ttf"; sourceTree = "<group>"; };
		3DF48C041FBA222600EB5A57 /* Roboto-Thin.ttf */ = {isa = PBXFileReference; lastKnownFileType = file; path = "Roboto-Thin.ttf"; sourceTree = "<group>"; };
		3DF48C051FBA222600EB5A57 /* Roboto-Black.ttf */ = {isa = PBXFileReference; lastKnownFileType = file; path = "Roboto-Black.ttf"; sourceTree = "<group>"; };
		3DF628F21FDBCF5A002B977F /* TutorTimeSlotHeaderView.swift */ = {isa = PBXFileReference; lastKnownFileType = sourcecode.swift; path = TutorTimeSlotHeaderView.swift; sourceTree = "<group>"; };
		3DF628F41FDBCF6C002B977F /* TutorTimeSlotHeaderView.xib */ = {isa = PBXFileReference; lastKnownFileType = file.xib; path = TutorTimeSlotHeaderView.xib; sourceTree = "<group>"; };
		3DF628F71FDBE024002B977F /* TutorTimeSlotTableViewCell.swift */ = {isa = PBXFileReference; lastKnownFileType = sourcecode.swift; path = TutorTimeSlotTableViewCell.swift; sourceTree = "<group>"; };
		3DFE851C1FD4025500D9648E /* TutorBookTutorTableViewCell.swift */ = {isa = PBXFileReference; lastKnownFileType = sourcecode.swift; path = TutorBookTutorTableViewCell.swift; sourceTree = "<group>"; };
		55AD48552D7AD84A932B14E4 /* Pods-Tuto LearnUITests.debug.xcconfig */ = {isa = PBXFileReference; includeInIndex = 1; lastKnownFileType = text.xcconfig; name = "Pods-Tuto LearnUITests.debug.xcconfig"; path = "Pods/Target Support Files/Pods-Tuto LearnUITests/Pods-Tuto LearnUITests.debug.xcconfig"; sourceTree = "<group>"; };
		6AC1441E8797F5AA2CE644E7 /* Pods-Tuto Learn.release.xcconfig */ = {isa = PBXFileReference; includeInIndex = 1; lastKnownFileType = text.xcconfig; name = "Pods-Tuto Learn.release.xcconfig"; path = "Pods/Target Support Files/Pods-Tuto Learn/Pods-Tuto Learn.release.xcconfig"; sourceTree = "<group>"; };
		73D4B75396E27E1A8CBE1C7F /* Pods_Tuto_Learn.framework */ = {isa = PBXFileReference; explicitFileType = wrapper.framework; includeInIndex = 0; path = Pods_Tuto_Learn.framework; sourceTree = BUILT_PRODUCTS_DIR; };
		90548A21F77BA925D6F12405 /* Pods-Tuto Learn.debug.xcconfig */ = {isa = PBXFileReference; includeInIndex = 1; lastKnownFileType = text.xcconfig; name = "Pods-Tuto Learn.debug.xcconfig"; path = "Pods/Target Support Files/Pods-Tuto Learn/Pods-Tuto Learn.debug.xcconfig"; sourceTree = "<group>"; };
		BA3112661FD2C5B80073A577 /* TutorPreferencesViewController.swift */ = {isa = PBXFileReference; lastKnownFileType = sourcecode.swift; path = TutorPreferencesViewController.swift; sourceTree = "<group>"; };
		BA48D4D51FDBE6680023C067 /* TutorMyAccountTableViewCell.swift */ = {isa = PBXFileReference; lastKnownFileType = sourcecode.swift; path = TutorMyAccountTableViewCell.swift; sourceTree = "<group>"; };
		BA48D4D71FDBE6930023C067 /* TutorMyAccountCollectionViewCell.swift */ = {isa = PBXFileReference; lastKnownFileType = sourcecode.swift; path = TutorMyAccountCollectionViewCell.swift; sourceTree = "<group>"; };
		BA48D4D91FDBF54D0023C067 /* TutorMyAccountHeaderView.swift */ = {isa = PBXFileReference; lastKnownFileType = sourcecode.swift; path = TutorMyAccountHeaderView.swift; sourceTree = "<group>"; };
		BA48D4DB1FDBF5660023C067 /* TutorMyAccountHeaderView.xib */ = {isa = PBXFileReference; lastKnownFileType = file.xib; path = TutorMyAccountHeaderView.xib; sourceTree = "<group>"; };
		BA6A6A5F1FD40C8700E42B08 /* TutorMyAccountViewController.swift */ = {isa = PBXFileReference; lastKnownFileType = sourcecode.swift; path = TutorMyAccountViewController.swift; sourceTree = "<group>"; };
		D9FA219B8107D4DE7C99BE06 /* Pods-Tuto LearnTests.debug.xcconfig */ = {isa = PBXFileReference; includeInIndex = 1; lastKnownFileType = text.xcconfig; name = "Pods-Tuto LearnTests.debug.xcconfig"; path = "Pods/Target Support Files/Pods-Tuto LearnTests/Pods-Tuto LearnTests.debug.xcconfig"; sourceTree = "<group>"; };
		DEF8B6D153567D6F4DFD6E95 /* Pods-Tuto LearnUITests.release.xcconfig */ = {isa = PBXFileReference; includeInIndex = 1; lastKnownFileType = text.xcconfig; name = "Pods-Tuto LearnUITests.release.xcconfig"; path = "Pods/Target Support Files/Pods-Tuto LearnUITests/Pods-Tuto LearnUITests.release.xcconfig"; sourceTree = "<group>"; };
		E14C71DF087A30B77F81C24F /* Pods_Tuto_LearnTests.framework */ = {isa = PBXFileReference; explicitFileType = wrapper.framework; includeInIndex = 0; path = Pods_Tuto_LearnTests.framework; sourceTree = BUILT_PRODUCTS_DIR; };
		F25EC7011674942482E84582 /* Pods_Tuto_LearnUITests.framework */ = {isa = PBXFileReference; explicitFileType = wrapper.framework; includeInIndex = 0; path = Pods_Tuto_LearnUITests.framework; sourceTree = BUILT_PRODUCTS_DIR; };
/* End PBXFileReference section */

/* Begin PBXFrameworksBuildPhase section */
		3D2278401FA39DF500D3B6E0 /* Frameworks */ = {
			isa = PBXFrameworksBuildPhase;
			buildActionMask = 2147483647;
			files = (
				50326AC26D61E7C64B569E55 /* Pods_Tuto_Learn.framework in Frameworks */,
				3D8B98561FA59C300083FC8F /* linkedin-sdk.framework in Frameworks */,
			);
			runOnlyForDeploymentPostprocessing = 0;
		};
		3D2278541FA39DF600D3B6E0 /* Frameworks */ = {
			isa = PBXFrameworksBuildPhase;
			buildActionMask = 2147483647;
			files = (
				E0B999ABA2457D53A1E5523A /* Pods_Tuto_LearnTests.framework in Frameworks */,
			);
			runOnlyForDeploymentPostprocessing = 0;
		};
		3D22785F1FA39DF600D3B6E0 /* Frameworks */ = {
			isa = PBXFrameworksBuildPhase;
			buildActionMask = 2147483647;
			files = (
				8587B336F013EEC2FF92572C /* Pods_Tuto_LearnUITests.framework in Frameworks */,
			);
			runOnlyForDeploymentPostprocessing = 0;
		};
/* End PBXFrameworksBuildPhase section */

/* Begin PBXGroup section */
		071E0FC41FB74FB300829299 /* TutorProfileViewController */ = {
			isa = PBXGroup;
			children = (
				071E0FC51FB74FE600829299 /* TutorGuardianProfileViewController.swift */,
				3B28AD171FD2733B008BC962 /* TutorProfileViewController.swift */,
				3BB5AA1B1FD3DA5100658103 /* TutorStudentProfileViewController.swift */,
			);
			path = TutorProfileViewController;
			sourceTree = "<group>";
		};
		07266CE21FBE03CE004A4FDE /* TutorRegistrationViewController */ = {
			isa = PBXGroup;
			children = (
				07266CE31FBE03CE004A4FDE /* StudentRegistrationViewController.swift */,
			);
			path = TutorRegistrationViewController;
			sourceTree = "<group>";
		};
		3B2833491FCC74290059D115 /* TutorRegistrationView */ = {
			isa = PBXGroup;
			children = (
				3B28334A1FCC74400059D115 /* TutorCell */,
				3B31EA531FCE6FDD00F6134E /* RegistrationFooterView.swift */,
				3B31EA551FCE6FF900F6134E /* RegistrationFooterView.xib */,
				3BB5AA1D1FD3E0DB00658103 /* TutorStudentHeaderView.swift */,
				3BB5AA1F1FD3E0E700658103 /* TutorStudentHeaderView.xib */,
			);
			path = TutorRegistrationView;
			sourceTree = "<group>";
		};
		3B28334A1FCC74400059D115 /* TutorCell */ = {
			isa = PBXGroup;
			children = (
				3B28334B1FCC74580059D115 /* RegistrationTableViewCell.swift */,
			);
			path = TutorCell;
			sourceTree = "<group>";
		};
		3D0A6B6E1FB68358001CC7A9 /* TutorMenuViewController */ = {
			isa = PBXGroup;
			children = (
				3D0A6B6F1FB68388001CC7A9 /* TutorMenuViewController.swift */,
			);
			path = TutorMenuViewController;
			sourceTree = "<group>";
		};
		3D0A6B801FB6947B001CC7A9 /* TutoMenuView */ = {
			isa = PBXGroup;
			children = (
				3D0A6B811FB6947B001CC7A9 /* TutorCell */,
			);
			path = TutoMenuView;
			sourceTree = "<group>";
		};
		3D0A6B811FB6947B001CC7A9 /* TutorCell */ = {
			isa = PBXGroup;
			children = (
				3D0A6B821FB694A5001CC7A9 /* TutorMenuTableViewCell.swift */,
			);
			path = TutorCell;
			sourceTree = "<group>";
		};
		3D1BD8631FB0E69D00DDB3BB /* TutorViewControllers */ = {
			isa = PBXGroup;
			children = (
				3D40DEEC1FE0D0860015921E /* TutorHistoryViewController */,
				3D97FAE21FDBB1F9000AFD80 /* TutorTimeSlotViewController */,
				3D2812BC1FD3FBFF00F926B1 /* TutorBookATutorViewController */,
				3D2537FF1FD328140078760C /* TutorForgotPasswordController */,
				3D9AE04C1FB36DED0061859F /* TutorHomeViewController */,
				3D0A6B6E1FB68358001CC7A9 /* TutorMenuViewController */,
				BA6A6A5E1FD40C0700E42B08 /* TutorMyAccountViewController */,
				BA3112651FD2C5950073A577 /* TutorPreferencesViewController */,
				071E0FC41FB74FB300829299 /* TutorProfileViewController */,
				07266CE21FBE03CE004A4FDE /* TutorRegistrationViewController */,
				3D4515CD1FB70F6F00591577 /* TutorTeachersListViewController */,
				3D1BD8641FB0E69D00DDB3BB /* ViewController.swift */,
			);
			path = TutorViewControllers;
			sourceTree = "<group>";
		};
		3D1F70D11FBA03B600AF03DE /* TutorNetworkManagerClasses */ = {
			isa = PBXGroup;
			children = (
				3D1F70D21FBA03D200AF03DE /* TutorNetworkManager.swift */,
			);
			path = TutorNetworkManagerClasses;
			sourceTree = "<group>";
		};
		3D22783A1FA39DF500D3B6E0 = {
			isa = PBXGroup;
			children = (
				50A4C9DD55A9FD2F579E5839 /* Frameworks */,
				C9E1321C5889B5168FEFBB57 /* Pods */,
				3D2278441FA39DF500D3B6E0 /* Products */,
				3D2278451FA39DF500D3B6E0 /* Tuto Learn */,
				3D22785A1FA39DF600D3B6E0 /* Tuto LearnTests */,
				3D2278651FA39DF600D3B6E0 /* Tuto LearnUITests */,
			);
			sourceTree = "<group>";
		};
		3D2278441FA39DF500D3B6E0 /* Products */ = {
			isa = PBXGroup;
			children = (
				3D2278431FA39DF500D3B6E0 /* Tuto Learn.app */,
				3D2278571FA39DF600D3B6E0 /* Tuto LearnTests.xctest */,
				3D2278621FA39DF600D3B6E0 /* Tuto LearnUITests.xctest */,
			);
			name = Products;
			sourceTree = "<group>";
		};
		3D2278451FA39DF500D3B6E0 /* Tuto Learn */ = {
			isa = PBXGroup;
			children = (
				3D22784D1FA39DF600D3B6E0 /* Assets.xcassets */,
				3D92C7741FAAFDD4001B7A91 /* GoogleService-Info.plist */,
				3D92C76D1FAAE4CD001B7A91 /* Header.h */,
				3D2278521FA39DF600D3B6E0 /* Info.plist */,
				3D22784F1FA39DF600D3B6E0 /* LaunchScreen.storyboard */,
				3D0A6B7E1FB692CF001CC7A9 /* Main.storyboard */,
				3DF48BF21FBA222600EB5A57 /* roboto */,
				3DBEC5911FAF85510018CD66 /* TutorContants */,
				3DBEC5971FAF85900018CD66 /* TutorLoader */,
				3DBEC58D1FAF85290018CD66 /* TutorModels */,
				3D1F70D11FBA03B600AF03DE /* TutorNetworkManagerClasses */,
				3DBEC58A1FAF80C70018CD66 /* TutorSharedClasses */,
				3DBEC5941FAF85730018CD66 /* TutorSupportClasses */,
				3D1BD8631FB0E69D00DDB3BB /* TutorViewControllers */,
				3DC357941FB013960084F898 /* TutorViews */,
			);
			path = "Tuto Learn";
			sourceTree = "<group>";
		};
		3D22785A1FA39DF600D3B6E0 /* Tuto LearnTests */ = {
			isa = PBXGroup;
			children = (
				3D22785B1FA39DF600D3B6E0 /* Tuto_LearnTests.swift */,
				3D22785D1FA39DF600D3B6E0 /* Info.plist */,
			);
			path = "Tuto LearnTests";
			sourceTree = "<group>";
		};
		3D2278651FA39DF600D3B6E0 /* Tuto LearnUITests */ = {
			isa = PBXGroup;
			children = (
				3D2278661FA39DF600D3B6E0 /* Tuto_LearnUITests.swift */,
				3D2278681FA39DF600D3B6E0 /* Info.plist */,
			);
			path = "Tuto LearnUITests";
			sourceTree = "<group>";
		};
		3D2537FF1FD328140078760C /* TutorForgotPasswordController */ = {
			isa = PBXGroup;
			children = (
				3D2538001FD3282D0078760C /* TutorForgotPasswordViewController.swift */,
			);
			path = TutorForgotPasswordController;
			sourceTree = "<group>";
		};
		3D2812BC1FD3FBFF00F926B1 /* TutorBookATutorViewController */ = {
			isa = PBXGroup;
			children = (
				3D2812BD1FD3FC2C00F926B1 /* TutorBookTutorViewController.swift */,
			);
			path = TutorBookATutorViewController;
			sourceTree = "<group>";
		};
		3D40DEEC1FE0D0860015921E /* TutorHistoryViewController */ = {
			isa = PBXGroup;
			children = (
				3D40DEED1FE0D0A60015921E /* TutorHistoryViewController.swift */,
			);
			path = TutorHistoryViewController;
			sourceTree = "<group>";
		};
		3D4515CD1FB70F6F00591577 /* TutorTeachersListViewController */ = {
			isa = PBXGroup;
			children = (
				3D4515CE1FB70F9100591577 /* TutorTeachersListViewController.swift */,
				3DD68B811FB800AF008B2C0C /* TutorViewProfileViewController.swift */,
			);
			path = TutorTeachersListViewController;
			sourceTree = "<group>";
		};
		3D623F321FBB5AE60087AF13 /* TutorTeacherModel */ = {
			isa = PBXGroup;
			children = (
				3D623F331FBB5AE60087AF13 /* TutorTeacherModel.swift */,
			);
			path = TutorTeacherModel;
			sourceTree = "<group>";
		};
		3D623F351FBB75D30087AF13 /* TutorViewProfileViews */ = {
			isa = PBXGroup;
			children = (
				3D623F361FBB75D30087AF13 /* TutorCell */,
			);
			path = TutorViewProfileViews;
			sourceTree = "<group>";
		};
		3D623F361FBB75D30087AF13 /* TutorCell */ = {
			isa = PBXGroup;
			children = (
				3D623F371FBB76010087AF13 /* TutorViewProfileTableViewCell.swift */,
			);
			path = TutorCell;
			sourceTree = "<group>";
		};
		3D97FAE21FDBB1F9000AFD80 /* TutorTimeSlotViewController */ = {
			isa = PBXGroup;
			children = (
				3D97FAE31FDBB219000AFD80 /* TutorTimeSlotViewController.swift */,
			);
			path = TutorTimeSlotViewController;
			sourceTree = "<group>";
		};
		3D9AE04C1FB36DED0061859F /* TutorHomeViewController */ = {
			isa = PBXGroup;
			children = (
				3D9AE04D1FB36E160061859F /* TutorHomeViewController.swift */,
			);
			path = TutorHomeViewController;
			sourceTree = "<group>";
		};
		3D9AE04F1FB4058C0061859F /* TutorPickerView */ = {
			isa = PBXGroup;
			children = (
				3D9AE0501FB4058C0061859F /* TutorCommonPickerView.swift */,
				3D9AE0511FB4058C0061859F /* TutorCommonPickerView.xib */,
			);
			path = TutorPickerView;
			sourceTree = "<group>";
		};
		3DBEC58A1FAF80C70018CD66 /* TutorSharedClasses */ = {
			isa = PBXGroup;
			children = (
				3D1BD8661FB0E74200DDB3BB /* AppDelegate.swift */,
				3DBEC58B1FAF81050018CD66 /* TutorSharedClass.swift */,
			);
			path = TutorSharedClasses;
			sourceTree = "<group>";
		};
		3DBEC58D1FAF85290018CD66 /* TutorModels */ = {
			isa = PBXGroup;
			children = (
				3D623F321FBB5AE60087AF13 /* TutorTeacherModel */,
				3DBEC58E1FAF85290018CD66 /* TutorLoginModel */,
			);
			path = TutorModels;
			sourceTree = "<group>";
		};
		3DBEC58E1FAF85290018CD66 /* TutorLoginModel */ = {
			isa = PBXGroup;
			children = (
				3BB5AA171FD3195600658103 /* TutorLoginModel.swift */,
				3BB5AA181FD3195600658103 /* TutorStudent.swift */,
			);
			path = TutorLoginModel;
			sourceTree = "<group>";
		};
		3DBEC5911FAF85510018CD66 /* TutorContants */ = {
			isa = PBXGroup;
			children = (
				3DBEC5921FAF85510018CD66 /* TutorConstant.swift */,
			);
			path = TutorContants;
			sourceTree = "<group>";
		};
		3DBEC5941FAF85730018CD66 /* TutorSupportClasses */ = {
			isa = PBXGroup;
			children = (
				3DBEC5951FAF85730018CD66 /* CommonUtils.swift */,
				3B258D411FC7311400ADDE0D /* CustomTextField.swift */,
				3B2AB59B1FDD20B100966AD9 /* CustomPickerView.swift */,
			);
			path = TutorSupportClasses;
			sourceTree = "<group>";
		};
		3DBEC5971FAF85900018CD66 /* TutorLoader */ = {
			isa = PBXGroup;
			children = (
				3DBEC5981FAF85900018CD66 /* MBProgressHUD.h */,
				3DBEC5991FAF85900018CD66 /* MBProgressHUD.m */,
			);
			path = TutorLoader;
			sourceTree = "<group>";
		};
		3DC357941FB013960084F898 /* TutorViews */ = {
			isa = PBXGroup;
			children = (
				3D0A6B801FB6947B001CC7A9 /* TutoMenuView */,
				3DF628F11FDBCF28002B977F /* TutorTimeSlotViews */,
				3DFE851B1FD4023100D9648E /* TutorBookTutorViews */,
				BA48D4D01FDBE3FC0023C067 /* TutorMyAccountViews */,
				3DC357951FB013960084F898 /* TutorNavigationView */,
				3D9AE04F1FB4058C0061859F /* TutorPickerView */,
				3B2833491FCC74290059D115 /* TutorRegistrationView */,
				3DD68B7D1FB7E1D1008B2C0C /* TutorTeachersListViews */,
				3D623F351FBB75D30087AF13 /* TutorViewProfileViews */,
			);
			path = TutorViews;
			sourceTree = "<group>";
		};
		3DC357951FB013960084F898 /* TutorNavigationView */ = {
			isa = PBXGroup;
			children = (
				3DC357961FB013D50084F898 /* TutorHomeNavigationBar.swift */,
			);
			path = TutorNavigationView;
			sourceTree = "<group>";
		};
		3DD68B7D1FB7E1D1008B2C0C /* TutorTeachersListViews */ = {
			isa = PBXGroup;
			children = (
				3DD68B7E1FB7E1D1008B2C0C /* TutorCell */,
			);
			path = TutorTeachersListViews;
			sourceTree = "<group>";
		};
		3DD68B7E1FB7E1D1008B2C0C /* TutorCell */ = {
			isa = PBXGroup;
			children = (
				3DD68B7F1FB7E20C008B2C0C /* TutorTeachersListCollectionViewCell.swift */,
			);
			path = TutorCell;
			sourceTree = "<group>";
		};
		3DF48BF21FBA222600EB5A57 /* roboto */ = {
			isa = PBXGroup;
			children = (
				3DF48BF31FBA222600EB5A57 /* Roboto-Medium.ttf */,
				3DF48BF41FBA222600EB5A57 /* Roboto-Light.ttf */,
				3DF48BF51FBA222600EB5A57 /* RobotoCondensed-Bold.ttf */,
				3DF48BF61FBA222600EB5A57 /* RobotoCondensed-Light.ttf */,
				3DF48BF71FBA222600EB5A57 /* Roboto-Regular.ttf */,
				3DF48BF81FBA222600EB5A57 /* Roboto-MediumItalic.ttf */,
				3DF48BF91FBA222600EB5A57 /* RobotoCondensed-Italic.ttf */,
				3DF48BFA1FBA222600EB5A57 /* RobotoCondensed-BoldItalic.ttf */,
				3DF48BFB1FBA222600EB5A57 /* Apache License.txt */,
				3DF48BFC1FBA222600EB5A57 /* RobotoCondensed-LightItalic.ttf */,
				3DF48BFD1FBA222600EB5A57 /* Roboto-ThinItalic.ttf */,
				3DF48BFE1FBA222600EB5A57 /* RobotoCondensed-Regular.ttf */,
				3DF48BFF1FBA222600EB5A57 /* Roboto-BoldItalic.ttf */,
				3DF48C001FBA222600EB5A57 /* Roboto-LightItalic.ttf */,
				3DF48C011FBA222600EB5A57 /* Roboto-Italic.ttf */,
				3DF48C021FBA222600EB5A57 /* Roboto-BlackItalic.ttf */,
				3DF48C031FBA222600EB5A57 /* Roboto-Bold.ttf */,
				3DF48C041FBA222600EB5A57 /* Roboto-Thin.ttf */,
				3DF48C051FBA222600EB5A57 /* Roboto-Black.ttf */,
			);
			path = roboto;
			sourceTree = "<group>";
		};
		3DF628F11FDBCF28002B977F /* TutorTimeSlotViews */ = {
			isa = PBXGroup;
			children = (
				3DF628F61FDBDFFC002B977F /* TutorCell */,
				3DF628F21FDBCF5A002B977F /* TutorTimeSlotHeaderView.swift */,
				3DF628F41FDBCF6C002B977F /* TutorTimeSlotHeaderView.xib */,
			);
			path = TutorTimeSlotViews;
			sourceTree = "<group>";
		};
		3DF628F61FDBDFFC002B977F /* TutorCell */ = {
			isa = PBXGroup;
			children = (
				3DF628F71FDBE024002B977F /* TutorTimeSlotTableViewCell.swift */,
				3D333C1B1FDBE3F000EEF3A1 /* TutorTimeSlotCollectionViewCell.swift */,
			);
			path = TutorCell;
			sourceTree = "<group>";
		};
		3DFE851B1FD4023100D9648E /* TutorBookTutorViews */ = {
			isa = PBXGroup;
			children = (
				3DFE851C1FD4025500D9648E /* TutorBookTutorTableViewCell.swift */,
			);
			path = TutorBookTutorViews;
			sourceTree = "<group>";
		};
		50A4C9DD55A9FD2F579E5839 /* Frameworks */ = {
			isa = PBXGroup;
			children = (
				3D8B98551FA59C300083FC8F /* linkedin-sdk.framework */,
				73D4B75396E27E1A8CBE1C7F /* Pods_Tuto_Learn.framework */,
				E14C71DF087A30B77F81C24F /* Pods_Tuto_LearnTests.framework */,
				F25EC7011674942482E84582 /* Pods_Tuto_LearnUITests.framework */,
			);
			name = Frameworks;
			sourceTree = "<group>";
		};
		BA3112651FD2C5950073A577 /* TutorPreferencesViewController */ = {
			isa = PBXGroup;
			children = (
				BA3112661FD2C5B80073A577 /* TutorPreferencesViewController.swift */,
			);
			path = TutorPreferencesViewController;
			sourceTree = "<group>";
		};
		BA48D4D01FDBE3FC0023C067 /* TutorMyAccountViews */ = {
			isa = PBXGroup;
			children = (
				BA48D4D51FDBE6680023C067 /* TutorMyAccountTableViewCell.swift */,
				BA48D4D71FDBE6930023C067 /* TutorMyAccountCollectionViewCell.swift */,
				BA48D4D91FDBF54D0023C067 /* TutorMyAccountHeaderView.swift */,
				BA48D4DB1FDBF5660023C067 /* TutorMyAccountHeaderView.xib */,
			);
			path = TutorMyAccountViews;
			sourceTree = "<group>";
		};
		BA6A6A5E1FD40C0700E42B08 /* TutorMyAccountViewController */ = {
			isa = PBXGroup;
			children = (
				BA6A6A5F1FD40C8700E42B08 /* TutorMyAccountViewController.swift */,
			);
			path = TutorMyAccountViewController;
			sourceTree = "<group>";
		};
		C9E1321C5889B5168FEFBB57 /* Pods */ = {
			isa = PBXGroup;
			children = (
				90548A21F77BA925D6F12405 /* Pods-Tuto Learn.debug.xcconfig */,
				6AC1441E8797F5AA2CE644E7 /* Pods-Tuto Learn.release.xcconfig */,
				D9FA219B8107D4DE7C99BE06 /* Pods-Tuto LearnTests.debug.xcconfig */,
				3127DB78AA7843104C70CF4E /* Pods-Tuto LearnTests.release.xcconfig */,
				55AD48552D7AD84A932B14E4 /* Pods-Tuto LearnUITests.debug.xcconfig */,
				DEF8B6D153567D6F4DFD6E95 /* Pods-Tuto LearnUITests.release.xcconfig */,
			);
			name = Pods;
			sourceTree = "<group>";
		};
/* End PBXGroup section */

/* Begin PBXNativeTarget section */
		3D2278421FA39DF500D3B6E0 /* Tuto Learn */ = {
			isa = PBXNativeTarget;
			buildConfigurationList = 3D22786B1FA39DF600D3B6E0 /* Build configuration list for PBXNativeTarget "Tuto Learn" */;
			buildPhases = (
				2B5D37B03578865F1F46B0C2 /* [CP] Check Pods Manifest.lock */,
				3D22783F1FA39DF500D3B6E0 /* Sources */,
				3D2278401FA39DF500D3B6E0 /* Frameworks */,
				3D2278411FA39DF500D3B6E0 /* Resources */,
				C8888A0B624DBDF5E3D3AEB6 /* [CP] Embed Pods Frameworks */,
				A273F64DEF1270C4D674B870 /* [CP] Copy Pods Resources */,
			);
			buildRules = (
			);
			dependencies = (
			);
			name = "Tuto Learn";
			productName = "Tuto Learn";
			productReference = 3D2278431FA39DF500D3B6E0 /* Tuto Learn.app */;
			productType = "com.apple.product-type.application";
		};
		3D2278561FA39DF600D3B6E0 /* Tuto LearnTests */ = {
			isa = PBXNativeTarget;
			buildConfigurationList = 3D22786E1FA39DF600D3B6E0 /* Build configuration list for PBXNativeTarget "Tuto LearnTests" */;
			buildPhases = (
				623817AFCEF945B37DE755DA /* [CP] Check Pods Manifest.lock */,
				3D2278531FA39DF600D3B6E0 /* Sources */,
				3D2278541FA39DF600D3B6E0 /* Frameworks */,
				3D2278551FA39DF600D3B6E0 /* Resources */,
				CC23DD40233C483CDE214EB9 /* [CP] Embed Pods Frameworks */,
				3E1116A7393A7C88ABE63A94 /* [CP] Copy Pods Resources */,
			);
			buildRules = (
			);
			dependencies = (
				3D2278591FA39DF600D3B6E0 /* PBXTargetDependency */,
			);
			name = "Tuto LearnTests";
			productName = "Tuto LearnTests";
			productReference = 3D2278571FA39DF600D3B6E0 /* Tuto LearnTests.xctest */;
			productType = "com.apple.product-type.bundle.unit-test";
		};
		3D2278611FA39DF600D3B6E0 /* Tuto LearnUITests */ = {
			isa = PBXNativeTarget;
			buildConfigurationList = 3D2278711FA39DF600D3B6E0 /* Build configuration list for PBXNativeTarget "Tuto LearnUITests" */;
			buildPhases = (
				523353CF226A3E31D541C381 /* [CP] Check Pods Manifest.lock */,
				3D22785E1FA39DF600D3B6E0 /* Sources */,
				3D22785F1FA39DF600D3B6E0 /* Frameworks */,
				3D2278601FA39DF600D3B6E0 /* Resources */,
				B577927CEAAFF3FBB14CE911 /* [CP] Embed Pods Frameworks */,
				E2232C548CC2718BE6A47175 /* [CP] Copy Pods Resources */,
			);
			buildRules = (
			);
			dependencies = (
				3D2278641FA39DF600D3B6E0 /* PBXTargetDependency */,
			);
			name = "Tuto LearnUITests";
			productName = "Tuto LearnUITests";
			productReference = 3D2278621FA39DF600D3B6E0 /* Tuto LearnUITests.xctest */;
			productType = "com.apple.product-type.bundle.ui-testing";
		};
/* End PBXNativeTarget section */

/* Begin PBXProject section */
		3D22783B1FA39DF500D3B6E0 /* Project object */ = {
			isa = PBXProject;
			attributes = {
				LastSwiftUpdateCheck = 0900;
				LastUpgradeCheck = 0900;
				ORGANIZATIONNAME = Tuto;
				TargetAttributes = {
					3D2278421FA39DF500D3B6E0 = {
						CreatedOnToolsVersion = 9.0.1;
						DevelopmentTeam = 9SSCTGR44S;
						LastSwiftMigration = 0900;
						ProvisioningStyle = Automatic;
					};
					3D2278561FA39DF600D3B6E0 = {
						CreatedOnToolsVersion = 9.0.1;
						DevelopmentTeam = 9SSCTGR44S;
						ProvisioningStyle = Automatic;
						TestTargetID = 3D2278421FA39DF500D3B6E0;
					};
					3D2278611FA39DF600D3B6E0 = {
						CreatedOnToolsVersion = 9.0.1;
						DevelopmentTeam = 9SSCTGR44S;
						ProvisioningStyle = Automatic;
						TestTargetID = 3D2278421FA39DF500D3B6E0;
					};
				};
			};
			buildConfigurationList = 3D22783E1FA39DF500D3B6E0 /* Build configuration list for PBXProject "Tuto Learn" */;
			compatibilityVersion = "Xcode 3.2";
			developmentRegion = en;
			hasScannedForEncodings = 0;
			knownRegions = (
				en,
				Base,
			);
			mainGroup = 3D22783A1FA39DF500D3B6E0;
			productRefGroup = 3D2278441FA39DF500D3B6E0 /* Products */;
			projectDirPath = "";
			projectRoot = "";
			targets = (
				3D2278421FA39DF500D3B6E0 /* Tuto Learn */,
				3D2278561FA39DF600D3B6E0 /* Tuto LearnTests */,
				3D2278611FA39DF600D3B6E0 /* Tuto LearnUITests */,
			);
		};
/* End PBXProject section */

/* Begin PBXResourcesBuildPhase section */
		3D2278411FA39DF500D3B6E0 /* Resources */ = {
			isa = PBXResourcesBuildPhase;
			buildActionMask = 2147483647;
			files = (
				3DF48C121FBA222700EB5A57 /* Roboto-BoldItalic.ttf in Resources */,
				3DF48C0D1FBA222700EB5A57 /* RobotoCondensed-BoldItalic.ttf in Resources */,
				3DF628F51FDBCF6C002B977F /* TutorTimeSlotHeaderView.xib in Resources */,
				3BB5AA201FD3E0E700658103 /* TutorStudentHeaderView.xib in Resources */,
				3D9AE0531FB4058C0061859F /* TutorCommonPickerView.xib in Resources */,
				3DF48C091FBA222700EB5A57 /* RobotoCondensed-Light.ttf in Resources */,
				3DF48C161FBA222700EB5A57 /* Roboto-Bold.ttf in Resources */,
				3B31EA561FCE6FF900F6134E /* RegistrationFooterView.xib in Resources */,
				3DF48C0E1FBA222700EB5A57 /* Apache License.txt in Resources */,
				3DF48C0A1FBA222700EB5A57 /* Roboto-Regular.ttf in Resources */,
				3D0A6B7F1FB692D0001CC7A9 /* Main.storyboard in Resources */,
				3DF48C081FBA222700EB5A57 /* RobotoCondensed-Bold.ttf in Resources */,
				BA48D4DC1FDBF5660023C067 /* TutorMyAccountHeaderView.xib in Resources */,
				3DF48C171FBA222700EB5A57 /* Roboto-Thin.ttf in Resources */,
				3DF48C0C1FBA222700EB5A57 /* RobotoCondensed-Italic.ttf in Resources */,
				3DF48C181FBA222700EB5A57 /* Roboto-Black.ttf in Resources */,
				3DF48C061FBA222700EB5A57 /* Roboto-Medium.ttf in Resources */,
				3DF48C151FBA222700EB5A57 /* Roboto-BlackItalic.ttf in Resources */,
				3D2278511FA39DF600D3B6E0 /* LaunchScreen.storyboard in Resources */,
				3DF48C071FBA222700EB5A57 /* Roboto-Light.ttf in Resources */,
				3D92C7751FAAFDD4001B7A91 /* GoogleService-Info.plist in Resources */,
				3DF48C101FBA222700EB5A57 /* Roboto-ThinItalic.ttf in Resources */,
				3DF48C0F1FBA222700EB5A57 /* RobotoCondensed-LightItalic.ttf in Resources */,
				3DF48C131FBA222700EB5A57 /* Roboto-LightItalic.ttf in Resources */,
				3DF48C0B1FBA222700EB5A57 /* Roboto-MediumItalic.ttf in Resources */,
				3DF48C141FBA222700EB5A57 /* Roboto-Italic.ttf in Resources */,
				3DF48C111FBA222700EB5A57 /* RobotoCondensed-Regular.ttf in Resources */,
				3D22784E1FA39DF600D3B6E0 /* Assets.xcassets in Resources */,
			);
			runOnlyForDeploymentPostprocessing = 0;
		};
		3D2278551FA39DF600D3B6E0 /* Resources */ = {
			isa = PBXResourcesBuildPhase;
			buildActionMask = 2147483647;
			files = (
			);
			runOnlyForDeploymentPostprocessing = 0;
		};
		3D2278601FA39DF600D3B6E0 /* Resources */ = {
			isa = PBXResourcesBuildPhase;
			buildActionMask = 2147483647;
			files = (
			);
			runOnlyForDeploymentPostprocessing = 0;
		};
/* End PBXResourcesBuildPhase section */

/* Begin PBXShellScriptBuildPhase section */
		2B5D37B03578865F1F46B0C2 /* [CP] Check Pods Manifest.lock */ = {
			isa = PBXShellScriptBuildPhase;
			buildActionMask = 2147483647;
			files = (
			);
			inputPaths = (
				"${PODS_PODFILE_DIR_PATH}/Podfile.lock",
				"${PODS_ROOT}/Manifest.lock",
			);
			name = "[CP] Check Pods Manifest.lock";
			outputPaths = (
				"$(DERIVED_FILE_DIR)/Pods-Tuto Learn-checkManifestLockResult.txt",
			);
			runOnlyForDeploymentPostprocessing = 0;
			shellPath = /bin/sh;
			shellScript = "diff \"${PODS_PODFILE_DIR_PATH}/Podfile.lock\" \"${PODS_ROOT}/Manifest.lock\" > /dev/null\nif [ $? != 0 ] ; then\n    # print error to STDERR\n    echo \"error: The sandbox is not in sync with the Podfile.lock. Run 'pod install' or update your CocoaPods installation.\" >&2\n    exit 1\nfi\n# This output is used by Xcode 'outputs' to avoid re-running this script phase.\necho \"SUCCESS\" > \"${SCRIPT_OUTPUT_FILE_0}\"\n";
			showEnvVarsInLog = 0;
		};
		3E1116A7393A7C88ABE63A94 /* [CP] Copy Pods Resources */ = {
			isa = PBXShellScriptBuildPhase;
			buildActionMask = 2147483647;
			files = (
			);
			inputPaths = (
				"${SRCROOT}/Pods/Target Support Files/Pods-Tuto LearnTests/Pods-Tuto LearnTests-resources.sh",
				"${PODS_ROOT}/GoogleSignIn/Resources/GoogleSignIn.bundle",
			);
			name = "[CP] Copy Pods Resources";
			outputPaths = (
				"${TARGET_BUILD_DIR}/${UNLOCALIZED_RESOURCES_FOLDER_PATH}",
			);
			runOnlyForDeploymentPostprocessing = 0;
			shellPath = /bin/sh;
			shellScript = "\"${SRCROOT}/Pods/Target Support Files/Pods-Tuto LearnTests/Pods-Tuto LearnTests-resources.sh\"\n";
			showEnvVarsInLog = 0;
		};
		523353CF226A3E31D541C381 /* [CP] Check Pods Manifest.lock */ = {
			isa = PBXShellScriptBuildPhase;
			buildActionMask = 2147483647;
			files = (
			);
			inputPaths = (
				"${PODS_PODFILE_DIR_PATH}/Podfile.lock",
				"${PODS_ROOT}/Manifest.lock",
			);
			name = "[CP] Check Pods Manifest.lock";
			outputPaths = (
				"$(DERIVED_FILE_DIR)/Pods-Tuto LearnUITests-checkManifestLockResult.txt",
			);
			runOnlyForDeploymentPostprocessing = 0;
			shellPath = /bin/sh;
			shellScript = "diff \"${PODS_PODFILE_DIR_PATH}/Podfile.lock\" \"${PODS_ROOT}/Manifest.lock\" > /dev/null\nif [ $? != 0 ] ; then\n    # print error to STDERR\n    echo \"error: The sandbox is not in sync with the Podfile.lock. Run 'pod install' or update your CocoaPods installation.\" >&2\n    exit 1\nfi\n# This output is used by Xcode 'outputs' to avoid re-running this script phase.\necho \"SUCCESS\" > \"${SCRIPT_OUTPUT_FILE_0}\"\n";
			showEnvVarsInLog = 0;
		};
		623817AFCEF945B37DE755DA /* [CP] Check Pods Manifest.lock */ = {
			isa = PBXShellScriptBuildPhase;
			buildActionMask = 2147483647;
			files = (
			);
			inputPaths = (
				"${PODS_PODFILE_DIR_PATH}/Podfile.lock",
				"${PODS_ROOT}/Manifest.lock",
			);
			name = "[CP] Check Pods Manifest.lock";
			outputPaths = (
				"$(DERIVED_FILE_DIR)/Pods-Tuto LearnTests-checkManifestLockResult.txt",
			);
			runOnlyForDeploymentPostprocessing = 0;
			shellPath = /bin/sh;
			shellScript = "diff \"${PODS_PODFILE_DIR_PATH}/Podfile.lock\" \"${PODS_ROOT}/Manifest.lock\" > /dev/null\nif [ $? != 0 ] ; then\n    # print error to STDERR\n    echo \"error: The sandbox is not in sync with the Podfile.lock. Run 'pod install' or update your CocoaPods installation.\" >&2\n    exit 1\nfi\n# This output is used by Xcode 'outputs' to avoid re-running this script phase.\necho \"SUCCESS\" > \"${SCRIPT_OUTPUT_FILE_0}\"\n";
			showEnvVarsInLog = 0;
		};
		A273F64DEF1270C4D674B870 /* [CP] Copy Pods Resources */ = {
			isa = PBXShellScriptBuildPhase;
			buildActionMask = 2147483647;
			files = (
			);
			inputPaths = (
				"${SRCROOT}/Pods/Target Support Files/Pods-Tuto Learn/Pods-Tuto Learn-resources.sh",
				"${PODS_ROOT}/GoogleSignIn/Resources/GoogleSignIn.bundle",
			);
			name = "[CP] Copy Pods Resources";
			outputPaths = (
				"${TARGET_BUILD_DIR}/${UNLOCALIZED_RESOURCES_FOLDER_PATH}",
			);
			runOnlyForDeploymentPostprocessing = 0;
			shellPath = /bin/sh;
			shellScript = "\"${SRCROOT}/Pods/Target Support Files/Pods-Tuto Learn/Pods-Tuto Learn-resources.sh\"\n";
			showEnvVarsInLog = 0;
		};
		B577927CEAAFF3FBB14CE911 /* [CP] Embed Pods Frameworks */ = {
			isa = PBXShellScriptBuildPhase;
			buildActionMask = 2147483647;
			files = (
			);
			inputPaths = (
				"${SRCROOT}/Pods/Target Support Files/Pods-Tuto LearnUITests/Pods-Tuto LearnUITests-frameworks.sh",
				"${BUILT_PRODUCTS_DIR}/AAPickerView/AAPickerView.framework",
				"${BUILT_PRODUCTS_DIR}/Alamofire/Alamofire.framework",
				"${BUILT_PRODUCTS_DIR}/Bolts/Bolts.framework",
				"${BUILT_PRODUCTS_DIR}/FBSDKCoreKit/FBSDKCoreKit.framework",
				"${BUILT_PRODUCTS_DIR}/FBSDKLoginKit/FBSDKLoginKit.framework",
				"${BUILT_PRODUCTS_DIR}/FBSDKShareKit/FBSDKShareKit.framework",
				"${BUILT_PRODUCTS_DIR}/FacebookCore/FacebookCore.framework",
				"${BUILT_PRODUCTS_DIR}/FacebookLogin/FacebookLogin.framework",
				"${BUILT_PRODUCTS_DIR}/FacebookShare/FacebookShare.framework",
				"${BUILT_PRODUCTS_DIR}/GTMOAuth2/GTMOAuth2.framework",
				"${BUILT_PRODUCTS_DIR}/GTMSessionFetcher/GTMSessionFetcher.framework",
				"${BUILT_PRODUCTS_DIR}/GoogleToolboxForMac/GoogleToolboxForMac.framework",
				"${BUILT_PRODUCTS_DIR}/IQKeyboardManagerSwift/IQKeyboardManagerSwift.framework",
				"${BUILT_PRODUCTS_DIR}/Kingfisher/Kingfisher.framework",
				"${BUILT_PRODUCTS_DIR}/SideMenu/SideMenu.framework",
			);
			name = "[CP] Embed Pods Frameworks";
			outputPaths = (
				"${TARGET_BUILD_DIR}/${FRAMEWORKS_FOLDER_PATH}/AAPickerView.framework",
				"${TARGET_BUILD_DIR}/${FRAMEWORKS_FOLDER_PATH}/Alamofire.framework",
				"${TARGET_BUILD_DIR}/${FRAMEWORKS_FOLDER_PATH}/Bolts.framework",
				"${TARGET_BUILD_DIR}/${FRAMEWORKS_FOLDER_PATH}/FBSDKCoreKit.framework",
				"${TARGET_BUILD_DIR}/${FRAMEWORKS_FOLDER_PATH}/FBSDKLoginKit.framework",
				"${TARGET_BUILD_DIR}/${FRAMEWORKS_FOLDER_PATH}/FBSDKShareKit.framework",
				"${TARGET_BUILD_DIR}/${FRAMEWORKS_FOLDER_PATH}/FacebookCore.framework",
				"${TARGET_BUILD_DIR}/${FRAMEWORKS_FOLDER_PATH}/FacebookLogin.framework",
				"${TARGET_BUILD_DIR}/${FRAMEWORKS_FOLDER_PATH}/FacebookShare.framework",
				"${TARGET_BUILD_DIR}/${FRAMEWORKS_FOLDER_PATH}/GTMOAuth2.framework",
				"${TARGET_BUILD_DIR}/${FRAMEWORKS_FOLDER_PATH}/GTMSessionFetcher.framework",
				"${TARGET_BUILD_DIR}/${FRAMEWORKS_FOLDER_PATH}/GoogleToolboxForMac.framework",
				"${TARGET_BUILD_DIR}/${FRAMEWORKS_FOLDER_PATH}/IQKeyboardManagerSwift.framework",
				"${TARGET_BUILD_DIR}/${FRAMEWORKS_FOLDER_PATH}/Kingfisher.framework",
				"${TARGET_BUILD_DIR}/${FRAMEWORKS_FOLDER_PATH}/SideMenu.framework",
			);
			runOnlyForDeploymentPostprocessing = 0;
			shellPath = /bin/sh;
			shellScript = "\"${SRCROOT}/Pods/Target Support Files/Pods-Tuto LearnUITests/Pods-Tuto LearnUITests-frameworks.sh\"\n";
			showEnvVarsInLog = 0;
		};
		C8888A0B624DBDF5E3D3AEB6 /* [CP] Embed Pods Frameworks */ = {
			isa = PBXShellScriptBuildPhase;
			buildActionMask = 2147483647;
			files = (
			);
			inputPaths = (
				"${SRCROOT}/Pods/Target Support Files/Pods-Tuto Learn/Pods-Tuto Learn-frameworks.sh",
				"${BUILT_PRODUCTS_DIR}/AAPickerView/AAPickerView.framework",
				"${BUILT_PRODUCTS_DIR}/Alamofire/Alamofire.framework",
				"${BUILT_PRODUCTS_DIR}/Bolts/Bolts.framework",
				"${BUILT_PRODUCTS_DIR}/FBSDKCoreKit/FBSDKCoreKit.framework",
				"${BUILT_PRODUCTS_DIR}/FBSDKLoginKit/FBSDKLoginKit.framework",
				"${BUILT_PRODUCTS_DIR}/FBSDKShareKit/FBSDKShareKit.framework",
				"${BUILT_PRODUCTS_DIR}/FacebookCore/FacebookCore.framework",
				"${BUILT_PRODUCTS_DIR}/FacebookLogin/FacebookLogin.framework",
				"${BUILT_PRODUCTS_DIR}/FacebookShare/FacebookShare.framework",
				"${BUILT_PRODUCTS_DIR}/GTMOAuth2/GTMOAuth2.framework",
				"${BUILT_PRODUCTS_DIR}/GTMSessionFetcher/GTMSessionFetcher.framework",
				"${BUILT_PRODUCTS_DIR}/GoogleToolboxForMac/GoogleToolboxForMac.framework",
				"${BUILT_PRODUCTS_DIR}/IQKeyboardManagerSwift/IQKeyboardManagerSwift.framework",
				"${BUILT_PRODUCTS_DIR}/Kingfisher/Kingfisher.framework",
				"${BUILT_PRODUCTS_DIR}/SideMenu/SideMenu.framework",
			);
			name = "[CP] Embed Pods Frameworks";
			outputPaths = (
				"${TARGET_BUILD_DIR}/${FRAMEWORKS_FOLDER_PATH}/AAPickerView.framework",
				"${TARGET_BUILD_DIR}/${FRAMEWORKS_FOLDER_PATH}/Alamofire.framework",
				"${TARGET_BUILD_DIR}/${FRAMEWORKS_FOLDER_PATH}/Bolts.framework",
				"${TARGET_BUILD_DIR}/${FRAMEWORKS_FOLDER_PATH}/FBSDKCoreKit.framework",
				"${TARGET_BUILD_DIR}/${FRAMEWORKS_FOLDER_PATH}/FBSDKLoginKit.framework",
				"${TARGET_BUILD_DIR}/${FRAMEWORKS_FOLDER_PATH}/FBSDKShareKit.framework",
				"${TARGET_BUILD_DIR}/${FRAMEWORKS_FOLDER_PATH}/FacebookCore.framework",
				"${TARGET_BUILD_DIR}/${FRAMEWORKS_FOLDER_PATH}/FacebookLogin.framework",
				"${TARGET_BUILD_DIR}/${FRAMEWORKS_FOLDER_PATH}/FacebookShare.framework",
				"${TARGET_BUILD_DIR}/${FRAMEWORKS_FOLDER_PATH}/GTMOAuth2.framework",
				"${TARGET_BUILD_DIR}/${FRAMEWORKS_FOLDER_PATH}/GTMSessionFetcher.framework",
				"${TARGET_BUILD_DIR}/${FRAMEWORKS_FOLDER_PATH}/GoogleToolboxForMac.framework",
				"${TARGET_BUILD_DIR}/${FRAMEWORKS_FOLDER_PATH}/IQKeyboardManagerSwift.framework",
				"${TARGET_BUILD_DIR}/${FRAMEWORKS_FOLDER_PATH}/Kingfisher.framework",
				"${TARGET_BUILD_DIR}/${FRAMEWORKS_FOLDER_PATH}/SideMenu.framework",
			);
			runOnlyForDeploymentPostprocessing = 0;
			shellPath = /bin/sh;
			shellScript = "\"${SRCROOT}/Pods/Target Support Files/Pods-Tuto Learn/Pods-Tuto Learn-frameworks.sh\"\n";
			showEnvVarsInLog = 0;
		};
		CC23DD40233C483CDE214EB9 /* [CP] Embed Pods Frameworks */ = {
			isa = PBXShellScriptBuildPhase;
			buildActionMask = 2147483647;
			files = (
			);
			inputPaths = (
				"${SRCROOT}/Pods/Target Support Files/Pods-Tuto LearnTests/Pods-Tuto LearnTests-frameworks.sh",
				"${BUILT_PRODUCTS_DIR}/AAPickerView/AAPickerView.framework",
				"${BUILT_PRODUCTS_DIR}/Alamofire/Alamofire.framework",
				"${BUILT_PRODUCTS_DIR}/Bolts/Bolts.framework",
				"${BUILT_PRODUCTS_DIR}/FBSDKCoreKit/FBSDKCoreKit.framework",
				"${BUILT_PRODUCTS_DIR}/FBSDKLoginKit/FBSDKLoginKit.framework",
				"${BUILT_PRODUCTS_DIR}/FBSDKShareKit/FBSDKShareKit.framework",
				"${BUILT_PRODUCTS_DIR}/FacebookCore/FacebookCore.framework",
				"${BUILT_PRODUCTS_DIR}/FacebookLogin/FacebookLogin.framework",
				"${BUILT_PRODUCTS_DIR}/FacebookShare/FacebookShare.framework",
				"${BUILT_PRODUCTS_DIR}/GTMOAuth2/GTMOAuth2.framework",
				"${BUILT_PRODUCTS_DIR}/GTMSessionFetcher/GTMSessionFetcher.framework",
				"${BUILT_PRODUCTS_DIR}/GoogleToolboxForMac/GoogleToolboxForMac.framework",
				"${BUILT_PRODUCTS_DIR}/IQKeyboardManagerSwift/IQKeyboardManagerSwift.framework",
				"${BUILT_PRODUCTS_DIR}/Kingfisher/Kingfisher.framework",
				"${BUILT_PRODUCTS_DIR}/SideMenu/SideMenu.framework",
			);
			name = "[CP] Embed Pods Frameworks";
			outputPaths = (
				"${TARGET_BUILD_DIR}/${FRAMEWORKS_FOLDER_PATH}/AAPickerView.framework",
				"${TARGET_BUILD_DIR}/${FRAMEWORKS_FOLDER_PATH}/Alamofire.framework",
				"${TARGET_BUILD_DIR}/${FRAMEWORKS_FOLDER_PATH}/Bolts.framework",
				"${TARGET_BUILD_DIR}/${FRAMEWORKS_FOLDER_PATH}/FBSDKCoreKit.framework",
				"${TARGET_BUILD_DIR}/${FRAMEWORKS_FOLDER_PATH}/FBSDKLoginKit.framework",
				"${TARGET_BUILD_DIR}/${FRAMEWORKS_FOLDER_PATH}/FBSDKShareKit.framework",
				"${TARGET_BUILD_DIR}/${FRAMEWORKS_FOLDER_PATH}/FacebookCore.framework",
				"${TARGET_BUILD_DIR}/${FRAMEWORKS_FOLDER_PATH}/FacebookLogin.framework",
				"${TARGET_BUILD_DIR}/${FRAMEWORKS_FOLDER_PATH}/FacebookShare.framework",
				"${TARGET_BUILD_DIR}/${FRAMEWORKS_FOLDER_PATH}/GTMOAuth2.framework",
				"${TARGET_BUILD_DIR}/${FRAMEWORKS_FOLDER_PATH}/GTMSessionFetcher.framework",
				"${TARGET_BUILD_DIR}/${FRAMEWORKS_FOLDER_PATH}/GoogleToolboxForMac.framework",
				"${TARGET_BUILD_DIR}/${FRAMEWORKS_FOLDER_PATH}/IQKeyboardManagerSwift.framework",
				"${TARGET_BUILD_DIR}/${FRAMEWORKS_FOLDER_PATH}/Kingfisher.framework",
				"${TARGET_BUILD_DIR}/${FRAMEWORKS_FOLDER_PATH}/SideMenu.framework",
			);
			runOnlyForDeploymentPostprocessing = 0;
			shellPath = /bin/sh;
			shellScript = "\"${SRCROOT}/Pods/Target Support Files/Pods-Tuto LearnTests/Pods-Tuto LearnTests-frameworks.sh\"\n";
			showEnvVarsInLog = 0;
		};
		E2232C548CC2718BE6A47175 /* [CP] Copy Pods Resources */ = {
			isa = PBXShellScriptBuildPhase;
			buildActionMask = 2147483647;
			files = (
			);
			inputPaths = (
				"${SRCROOT}/Pods/Target Support Files/Pods-Tuto LearnUITests/Pods-Tuto LearnUITests-resources.sh",
				"${PODS_ROOT}/GoogleSignIn/Resources/GoogleSignIn.bundle",
			);
			name = "[CP] Copy Pods Resources";
			outputPaths = (
				"${TARGET_BUILD_DIR}/${UNLOCALIZED_RESOURCES_FOLDER_PATH}",
			);
			runOnlyForDeploymentPostprocessing = 0;
			shellPath = /bin/sh;
			shellScript = "\"${SRCROOT}/Pods/Target Support Files/Pods-Tuto LearnUITests/Pods-Tuto LearnUITests-resources.sh\"\n";
			showEnvVarsInLog = 0;
		};
/* End PBXShellScriptBuildPhase section */

/* Begin PBXSourcesBuildPhase section */
		3D22783F1FA39DF500D3B6E0 /* Sources */ = {
			isa = PBXSourcesBuildPhase;
			buildActionMask = 2147483647;
			files = (
				3D1BD8671FB0E74300DDB3BB /* AppDelegate.swift in Sources */,
				BA3112671FD2C5B80073A577 /* TutorPreferencesViewController.swift in Sources */,
				3D0A6B831FB694A5001CC7A9 /* TutorMenuTableViewCell.swift in Sources */,
				3D2812BE1FD3FC2C00F926B1 /* TutorBookTutorViewController.swift in Sources */,
				071E0FC61FB74FE600829299 /* TutorGuardianProfileViewController.swift in Sources */,
				3D1F70D31FBA03D200AF03DE /* TutorNetworkManager.swift in Sources */,
				3DF628F31FDBCF5A002B977F /* TutorTimeSlotHeaderView.swift in Sources */,
				3D4515CF1FB70F9100591577 /* TutorTeachersListViewController.swift in Sources */,
				3D9AE0521FB4058C0061859F /* TutorCommonPickerView.swift in Sources */,
				3DBEC5931FAF85510018CD66 /* TutorConstant.swift in Sources */,
				3DC357971FB013D50084F898 /* TutorHomeNavigationBar.swift in Sources */,
				BA6A6A601FD40C8700E42B08 /* TutorMyAccountViewController.swift in Sources */,
				3DD68B821FB800AF008B2C0C /* TutorViewProfileViewController.swift in Sources */,
				3DBEC58C1FAF81050018CD66 /* TutorSharedClass.swift in Sources */,
				07266CE41FBE03CE004A4FDE /* StudentRegistrationViewController.swift in Sources */,
				3DF628F81FDBE024002B977F /* TutorTimeSlotTableViewCell.swift in Sources */,
				3BB5AA1C1FD3DA5100658103 /* TutorStudentProfileViewController.swift in Sources */,
				3BB5AA1A1FD3195600658103 /* TutorStudent.swift in Sources */,
				BA48D4D61FDBE6680023C067 /* TutorMyAccountTableViewCell.swift in Sources */,
				3B31EA541FCE6FDD00F6134E /* RegistrationFooterView.swift in Sources */,
				3D9AE04E1FB36E160061859F /* TutorHomeViewController.swift in Sources */,
				3DBEC5961FAF85730018CD66 /* CommonUtils.swift in Sources */,
				3B258D421FC7311400ADDE0D /* CustomTextField.swift in Sources */,
				3D1BD8651FB0E69D00DDB3BB /* ViewController.swift in Sources */,
				3D333C1C1FDBE3F000EEF3A1 /* TutorTimeSlotCollectionViewCell.swift in Sources */,
				3D0A6B701FB68388001CC7A9 /* TutorMenuViewController.swift in Sources */,
				BA48D4DA1FDBF54D0023C067 /* TutorMyAccountHeaderView.swift in Sources */,
				3DD68B801FB7E20C008B2C0C /* TutorTeachersListCollectionViewCell.swift in Sources */,
				3B28334C1FCC74580059D115 /* RegistrationTableViewCell.swift in Sources */,
				3D623F341FBB5AE60087AF13 /* TutorTeacherModel.swift in Sources */,
				3D40DEEE1FE0D0A60015921E /* TutorHistoryViewController.swift in Sources */,
				3B28AD181FD2733B008BC962 /* TutorProfileViewController.swift in Sources */,
				3BB5AA191FD3195600658103 /* TutorLoginModel.swift in Sources */,
				3BB5AA1E1FD3E0DB00658103 /* TutorStudentHeaderView.swift in Sources */,
				3D2538011FD3282D0078760C /* TutorForgotPasswordViewController.swift in Sources */,
				BA48D4D81FDBE6930023C067 /* TutorMyAccountCollectionViewCell.swift in Sources */,
				3DBEC59A1FAF85900018CD66 /* MBProgressHUD.m in Sources */,
				3D623F381FBB76010087AF13 /* TutorViewProfileTableViewCell.swift in Sources */,
				3B2AB59C1FDD20B100966AD9 /* CustomPickerView.swift in Sources */,
				3D97FAE41FDBB219000AFD80 /* TutorTimeSlotViewController.swift in Sources */,
				3DFE851D1FD4025500D9648E /* TutorBookTutorTableViewCell.swift in Sources */,
			);
			runOnlyForDeploymentPostprocessing = 0;
		};
		3D2278531FA39DF600D3B6E0 /* Sources */ = {
			isa = PBXSourcesBuildPhase;
			buildActionMask = 2147483647;
			files = (
				3D22785C1FA39DF600D3B6E0 /* Tuto_LearnTests.swift in Sources */,
			);
			runOnlyForDeploymentPostprocessing = 0;
		};
		3D22785E1FA39DF600D3B6E0 /* Sources */ = {
			isa = PBXSourcesBuildPhase;
			buildActionMask = 2147483647;
			files = (
				3D2278671FA39DF600D3B6E0 /* Tuto_LearnUITests.swift in Sources */,
			);
			runOnlyForDeploymentPostprocessing = 0;
		};
/* End PBXSourcesBuildPhase section */

/* Begin PBXTargetDependency section */
		3D2278591FA39DF600D3B6E0 /* PBXTargetDependency */ = {
			isa = PBXTargetDependency;
			target = 3D2278421FA39DF500D3B6E0 /* Tuto Learn */;
			targetProxy = 3D2278581FA39DF600D3B6E0 /* PBXContainerItemProxy */;
		};
		3D2278641FA39DF600D3B6E0 /* PBXTargetDependency */ = {
			isa = PBXTargetDependency;
			target = 3D2278421FA39DF500D3B6E0 /* Tuto Learn */;
			targetProxy = 3D2278631FA39DF600D3B6E0 /* PBXContainerItemProxy */;
		};
/* End PBXTargetDependency section */

/* Begin PBXVariantGroup section */
		3D22784F1FA39DF600D3B6E0 /* LaunchScreen.storyboard */ = {
			isa = PBXVariantGroup;
			children = (
				3D2278501FA39DF600D3B6E0 /* Base */,
			);
			name = LaunchScreen.storyboard;
			sourceTree = "<group>";
		};
/* End PBXVariantGroup section */

/* Begin XCBuildConfiguration section */
		3D2278691FA39DF600D3B6E0 /* Debug */ = {
			isa = XCBuildConfiguration;
			buildSettings = {
				ALWAYS_SEARCH_USER_PATHS = NO;
				CLANG_ANALYZER_NONNULL = YES;
				CLANG_ANALYZER_NUMBER_OBJECT_CONVERSION = YES_AGGRESSIVE;
				CLANG_CXX_LANGUAGE_STANDARD = "gnu++14";
				CLANG_CXX_LIBRARY = "libc++";
				CLANG_ENABLE_MODULES = YES;
				CLANG_ENABLE_OBJC_ARC = YES;
				CLANG_WARN_BLOCK_CAPTURE_AUTORELEASING = YES;
				CLANG_WARN_BOOL_CONVERSION = YES;
				CLANG_WARN_COMMA = YES;
				CLANG_WARN_CONSTANT_CONVERSION = YES;
				CLANG_WARN_DIRECT_OBJC_ISA_USAGE = YES_ERROR;
				CLANG_WARN_DOCUMENTATION_COMMENTS = YES;
				CLANG_WARN_EMPTY_BODY = YES;
				CLANG_WARN_ENUM_CONVERSION = YES;
				CLANG_WARN_INFINITE_RECURSION = YES;
				CLANG_WARN_INT_CONVERSION = YES;
				CLANG_WARN_NON_LITERAL_NULL_CONVERSION = YES;
				CLANG_WARN_OBJC_LITERAL_CONVERSION = YES;
				CLANG_WARN_OBJC_ROOT_CLASS = YES_ERROR;
				CLANG_WARN_RANGE_LOOP_ANALYSIS = YES;
				CLANG_WARN_STRICT_PROTOTYPES = YES;
				CLANG_WARN_SUSPICIOUS_MOVE = YES;
				CLANG_WARN_UNGUARDED_AVAILABILITY = YES_AGGRESSIVE;
				CLANG_WARN_UNREACHABLE_CODE = YES;
				CLANG_WARN__DUPLICATE_METHOD_MATCH = YES;
				CODE_SIGN_IDENTITY = "iPhone Distribution";
				CODE_SIGN_STYLE = Manual;
				COPY_PHASE_STRIP = NO;
				DEBUG_INFORMATION_FORMAT = dwarf;
				DEVELOPMENT_TEAM = 9SSCTGR44S;
				ENABLE_STRICT_OBJC_MSGSEND = YES;
				ENABLE_TESTABILITY = YES;
				GCC_C_LANGUAGE_STANDARD = gnu11;
				GCC_DYNAMIC_NO_PIC = NO;
				GCC_NO_COMMON_BLOCKS = YES;
				GCC_OPTIMIZATION_LEVEL = 0;
				GCC_PREPROCESSOR_DEFINITIONS = (
					"DEBUG=1",
					"$(inherited)",
				);
				GCC_WARN_64_TO_32_BIT_CONVERSION = YES;
				GCC_WARN_ABOUT_RETURN_TYPE = YES_ERROR;
				GCC_WARN_UNDECLARED_SELECTOR = YES;
				GCC_WARN_UNINITIALIZED_AUTOS = YES_AGGRESSIVE;
				GCC_WARN_UNUSED_FUNCTION = YES;
				GCC_WARN_UNUSED_VARIABLE = YES;
				IPHONEOS_DEPLOYMENT_TARGET = 11.0;
				MTL_ENABLE_DEBUG_INFO = YES;
				ONLY_ACTIVE_ARCH = YES;
				SDKROOT = iphoneos;
				SWIFT_ACTIVE_COMPILATION_CONDITIONS = DEBUG;
				SWIFT_OPTIMIZATION_LEVEL = "-Onone";
			};
			name = Debug;
		};
		3D22786A1FA39DF600D3B6E0 /* Release */ = {
			isa = XCBuildConfiguration;
			buildSettings = {
				ALWAYS_SEARCH_USER_PATHS = NO;
				CLANG_ANALYZER_NONNULL = YES;
				CLANG_ANALYZER_NUMBER_OBJECT_CONVERSION = YES_AGGRESSIVE;
				CLANG_CXX_LANGUAGE_STANDARD = "gnu++14";
				CLANG_CXX_LIBRARY = "libc++";
				CLANG_ENABLE_MODULES = YES;
				CLANG_ENABLE_OBJC_ARC = YES;
				CLANG_WARN_BLOCK_CAPTURE_AUTORELEASING = YES;
				CLANG_WARN_BOOL_CONVERSION = YES;
				CLANG_WARN_COMMA = YES;
				CLANG_WARN_CONSTANT_CONVERSION = YES;
				CLANG_WARN_DIRECT_OBJC_ISA_USAGE = YES_ERROR;
				CLANG_WARN_DOCUMENTATION_COMMENTS = YES;
				CLANG_WARN_EMPTY_BODY = YES;
				CLANG_WARN_ENUM_CONVERSION = YES;
				CLANG_WARN_INFINITE_RECURSION = YES;
				CLANG_WARN_INT_CONVERSION = YES;
				CLANG_WARN_NON_LITERAL_NULL_CONVERSION = YES;
				CLANG_WARN_OBJC_LITERAL_CONVERSION = YES;
				CLANG_WARN_OBJC_ROOT_CLASS = YES_ERROR;
				CLANG_WARN_RANGE_LOOP_ANALYSIS = YES;
				CLANG_WARN_STRICT_PROTOTYPES = YES;
				CLANG_WARN_SUSPICIOUS_MOVE = YES;
				CLANG_WARN_UNGUARDED_AVAILABILITY = YES_AGGRESSIVE;
				CLANG_WARN_UNREACHABLE_CODE = YES;
				CLANG_WARN__DUPLICATE_METHOD_MATCH = YES;
				CODE_SIGN_IDENTITY = "iPhone Distribution";
				CODE_SIGN_STYLE = Manual;
				COPY_PHASE_STRIP = NO;
				DEBUG_INFORMATION_FORMAT = "dwarf-with-dsym";
				DEVELOPMENT_TEAM = 9SSCTGR44S;
				ENABLE_NS_ASSERTIONS = NO;
				ENABLE_STRICT_OBJC_MSGSEND = YES;
				GCC_C_LANGUAGE_STANDARD = gnu11;
				GCC_NO_COMMON_BLOCKS = YES;
				GCC_WARN_64_TO_32_BIT_CONVERSION = YES;
				GCC_WARN_ABOUT_RETURN_TYPE = YES_ERROR;
				GCC_WARN_UNDECLARED_SELECTOR = YES;
				GCC_WARN_UNINITIALIZED_AUTOS = YES_AGGRESSIVE;
				GCC_WARN_UNUSED_FUNCTION = YES;
				GCC_WARN_UNUSED_VARIABLE = YES;
				IPHONEOS_DEPLOYMENT_TARGET = 11.0;
				MTL_ENABLE_DEBUG_INFO = NO;
				SDKROOT = iphoneos;
				SWIFT_OPTIMIZATION_LEVEL = "-Owholemodule";
				VALIDATE_PRODUCT = YES;
			};
			name = Release;
		};
		3D22786C1FA39DF600D3B6E0 /* Debug */ = {
			isa = XCBuildConfiguration;
			baseConfigurationReference = 90548A21F77BA925D6F12405 /* Pods-Tuto Learn.debug.xcconfig */;
			buildSettings = {
				ALWAYS_SEARCH_USER_PATHS = NO;
				ASSETCATALOG_COMPILER_APPICON_NAME = AppIcon;
				ASSETCATALOG_COMPILER_LAUNCHIMAGE_NAME = LaunchImage;
				CLANG_ENABLE_MODULES = YES;
				CODE_SIGN_IDENTITY = "iPhone Developer: Haresh Shah (655VUK6287)";
				"CODE_SIGN_IDENTITY[sdk=iphoneos*]" = "iPhone Developer";
				CODE_SIGN_STYLE = Automatic;
				DEVELOPMENT_TEAM = 9SSCTGR44S;
				ENABLE_BITCODE = NO;
				FRAMEWORK_SEARCH_PATHS = (
					"$(inherited)",
					"\"$PODS_CONFIGURATION_BUILD_DIR/Alamofire\"",
					"\"$PODS_CONFIGURATION_BUILD_DIR/IQKeyboardManagerSwift\"",
					"$(PROJECT_DIR)",
				);
				GCC_PRECOMPILE_PREFIX_HEADER = YES;
				INFOPLIST_FILE = "Tuto Learn/Info.plist";
				IPHONEOS_DEPLOYMENT_TARGET = 9.0;
				LD_RUNPATH_SEARCH_PATHS = "$(inherited) @executable_path/Frameworks";
				PRODUCT_BUNDLE_IDENTIFIER = com.tuto.tutolearn;
				PRODUCT_NAME = "$(TARGET_NAME)";
				PROVISIONING_PROFILE = "";
				PROVISIONING_PROFILE_SPECIFIER = "";
				SWIFT_OBJC_BRIDGING_HEADER = "Tuto Learn/Header.h";
				SWIFT_OPTIMIZATION_LEVEL = "-Onone";
				SWIFT_VERSION = 4.0;
				TARGETED_DEVICE_FAMILY = 1;
			};
			name = Debug;
		};
		3D22786D1FA39DF600D3B6E0 /* Release */ = {
			isa = XCBuildConfiguration;
			baseConfigurationReference = 6AC1441E8797F5AA2CE644E7 /* Pods-Tuto Learn.release.xcconfig */;
			buildSettings = {
				ALWAYS_SEARCH_USER_PATHS = NO;
				ASSETCATALOG_COMPILER_APPICON_NAME = AppIcon;
				ASSETCATALOG_COMPILER_LAUNCHIMAGE_NAME = LaunchImage;
				CLANG_ENABLE_MODULES = YES;
				CODE_SIGN_IDENTITY = "iPhone Developer: Haresh Shah (655VUK6287)";
				"CODE_SIGN_IDENTITY[sdk=iphoneos*]" = "iPhone Developer";
				CODE_SIGN_STYLE = Automatic;
				DEVELOPMENT_TEAM = 9SSCTGR44S;
				ENABLE_BITCODE = NO;
				FRAMEWORK_SEARCH_PATHS = (
					"$(inherited)",
					"$(PROJECT_DIR)",
				);
				GCC_PRECOMPILE_PREFIX_HEADER = YES;
				INFOPLIST_FILE = "Tuto Learn/Info.plist";
				IPHONEOS_DEPLOYMENT_TARGET = 9.0;
				LD_RUNPATH_SEARCH_PATHS = "$(inherited) @executable_path/Frameworks";
				PRODUCT_BUNDLE_IDENTIFIER = com.tuto.tutolearn;
				PRODUCT_NAME = "$(TARGET_NAME)";
				PROVISIONING_PROFILE = "";
				PROVISIONING_PROFILE_SPECIFIER = "";
				SWIFT_OBJC_BRIDGING_HEADER = "Tuto Learn/Header.h";
				SWIFT_VERSION = 4.0;
				TARGETED_DEVICE_FAMILY = 1;
			};
			name = Release;
		};
		3D22786F1FA39DF600D3B6E0 /* Debug */ = {
			isa = XCBuildConfiguration;
			baseConfigurationReference = D9FA219B8107D4DE7C99BE06 /* Pods-Tuto LearnTests.debug.xcconfig */;
			buildSettings = {
				ALWAYS_EMBED_SWIFT_STANDARD_LIBRARIES = YES;
				BUNDLE_LOADER = "$(TEST_HOST)";
				CODE_SIGN_STYLE = Automatic;
				INFOPLIST_FILE = "Tuto LearnTests/Info.plist";
				LD_RUNPATH_SEARCH_PATHS = "$(inherited) @executable_path/Frameworks @loader_path/Frameworks";
				PRODUCT_BUNDLE_IDENTIFIER = "com.Tuto.Tuto-LearnTests";
				PRODUCT_NAME = "$(TARGET_NAME)";
				SWIFT_VERSION = 4.0;
				TARGETED_DEVICE_FAMILY = "1,2";
				TEST_HOST = "$(BUILT_PRODUCTS_DIR)/Tuto Learn.app/Tuto Learn";
			};
			name = Debug;
		};
		3D2278701FA39DF600D3B6E0 /* Release */ = {
			isa = XCBuildConfiguration;
			baseConfigurationReference = 3127DB78AA7843104C70CF4E /* Pods-Tuto LearnTests.release.xcconfig */;
			buildSettings = {
				ALWAYS_EMBED_SWIFT_STANDARD_LIBRARIES = YES;
				BUNDLE_LOADER = "$(TEST_HOST)";
				CODE_SIGN_STYLE = Automatic;
				INFOPLIST_FILE = "Tuto LearnTests/Info.plist";
				LD_RUNPATH_SEARCH_PATHS = "$(inherited) @executable_path/Frameworks @loader_path/Frameworks";
				PRODUCT_BUNDLE_IDENTIFIER = "com.Tuto.Tuto-LearnTests";
				PRODUCT_NAME = "$(TARGET_NAME)";
				SWIFT_VERSION = 4.0;
				TARGETED_DEVICE_FAMILY = "1,2";
				TEST_HOST = "$(BUILT_PRODUCTS_DIR)/Tuto Learn.app/Tuto Learn";
			};
			name = Release;
		};
		3D2278721FA39DF600D3B6E0 /* Debug */ = {
			isa = XCBuildConfiguration;
			baseConfigurationReference = 55AD48552D7AD84A932B14E4 /* Pods-Tuto LearnUITests.debug.xcconfig */;
			buildSettings = {
				ALWAYS_EMBED_SWIFT_STANDARD_LIBRARIES = YES;
				CODE_SIGN_STYLE = Automatic;
				INFOPLIST_FILE = "Tuto LearnUITests/Info.plist";
				LD_RUNPATH_SEARCH_PATHS = "$(inherited) @executable_path/Frameworks @loader_path/Frameworks";
				PRODUCT_BUNDLE_IDENTIFIER = "com.Tuto.Tuto-LearnUITests";
				PRODUCT_NAME = "$(TARGET_NAME)";
				SWIFT_VERSION = 4.0;
				TARGETED_DEVICE_FAMILY = "1,2";
				TEST_TARGET_NAME = "Tuto Learn";
			};
			name = Debug;
		};
		3D2278731FA39DF600D3B6E0 /* Release */ = {
			isa = XCBuildConfiguration;
			baseConfigurationReference = DEF8B6D153567D6F4DFD6E95 /* Pods-Tuto LearnUITests.release.xcconfig */;
			buildSettings = {
				ALWAYS_EMBED_SWIFT_STANDARD_LIBRARIES = YES;
				CODE_SIGN_STYLE = Automatic;
				INFOPLIST_FILE = "Tuto LearnUITests/Info.plist";
				LD_RUNPATH_SEARCH_PATHS = "$(inherited) @executable_path/Frameworks @loader_path/Frameworks";
				PRODUCT_BUNDLE_IDENTIFIER = "com.Tuto.Tuto-LearnUITests";
				PRODUCT_NAME = "$(TARGET_NAME)";
				SWIFT_VERSION = 4.0;
				TARGETED_DEVICE_FAMILY = "1,2";
				TEST_TARGET_NAME = "Tuto Learn";
			};
			name = Release;
		};
/* End XCBuildConfiguration section */

/* Begin XCConfigurationList section */
		3D22783E1FA39DF500D3B6E0 /* Build configuration list for PBXProject "Tuto Learn" */ = {
			isa = XCConfigurationList;
			buildConfigurations = (
				3D2278691FA39DF600D3B6E0 /* Debug */,
				3D22786A1FA39DF600D3B6E0 /* Release */,
			);
			defaultConfigurationIsVisible = 0;
			defaultConfigurationName = Release;
		};
		3D22786B1FA39DF600D3B6E0 /* Build configuration list for PBXNativeTarget "Tuto Learn" */ = {
			isa = XCConfigurationList;
			buildConfigurations = (
				3D22786C1FA39DF600D3B6E0 /* Debug */,
				3D22786D1FA39DF600D3B6E0 /* Release */,
			);
			defaultConfigurationIsVisible = 0;
			defaultConfigurationName = Release;
		};
		3D22786E1FA39DF600D3B6E0 /* Build configuration list for PBXNativeTarget "Tuto LearnTests" */ = {
			isa = XCConfigurationList;
			buildConfigurations = (
				3D22786F1FA39DF600D3B6E0 /* Debug */,
				3D2278701FA39DF600D3B6E0 /* Release */,
			);
			defaultConfigurationIsVisible = 0;
			defaultConfigurationName = Release;
		};
		3D2278711FA39DF600D3B6E0 /* Build configuration list for PBXNativeTarget "Tuto LearnUITests" */ = {
			isa = XCConfigurationList;
			buildConfigurations = (
				3D2278721FA39DF600D3B6E0 /* Debug */,
				3D2278731FA39DF600D3B6E0 /* Release */,
			);
			defaultConfigurationIsVisible = 0;
			defaultConfigurationName = Release;
		};
/* End XCConfigurationList section */
	};
	rootObject = 3D22783B1FA39DF500D3B6E0 /* Project object */;
}
